// !$*UTF8*$!
{
	archiveVersion = 1;
	classes = {
	};
	objectVersion = 55;
	objects = {

/* Begin PBXBuildFile section */
		DCD319A128BA15A30044ABC2 /* AppDelegate.swift in Sources */ = {isa = PBXBuildFile; fileRef = DCD319A028BA15A30044ABC2 /* AppDelegate.swift */; };
		DCD319A328BA15A30044ABC2 /* SceneDelegate.swift in Sources */ = {isa = PBXBuildFile; fileRef = DCD319A228BA15A30044ABC2 /* SceneDelegate.swift */; };
		DCD319A528BA15A30044ABC2 /* HomeViewController.swift in Sources */ = {isa = PBXBuildFile; fileRef = DCD319A428BA15A30044ABC2 /* HomeViewController.swift */; };
		DCD319A828BA15A30044ABC2 /* Main.storyboard in Resources */ = {isa = PBXBuildFile; fileRef = DCD319A628BA15A30044ABC2 /* Main.storyboard */; };
		DCD319AD28BA15A40044ABC2 /* Assets.xcassets in Resources */ = {isa = PBXBuildFile; fileRef = DCD319AC28BA15A40044ABC2 /* Assets.xcassets */; };
		DCD319B028BA15A40044ABC2 /* LaunchScreen.storyboard in Resources */ = {isa = PBXBuildFile; fileRef = DCD319AE28BA15A40044ABC2 /* LaunchScreen.storyboard */; };
		DCD319BB28BA15A40044ABC2 /* InstagramTests.swift in Sources */ = {isa = PBXBuildFile; fileRef = DCD319BA28BA15A40044ABC2 /* InstagramTests.swift */; };
		DCD319C528BA15A40044ABC2 /* InstagramUITests.swift in Sources */ = {isa = PBXBuildFile; fileRef = DCD319C428BA15A40044ABC2 /* InstagramUITests.swift */; };
		DCD319C728BA15A40044ABC2 /* InstagramUITestsLaunchTests.swift in Sources */ = {isa = PBXBuildFile; fileRef = DCD319C628BA15A40044ABC2 /* InstagramUITestsLaunchTests.swift */; };
		DCD319D928BA17A40044ABC2 /* ExploreViewController.swift in Sources */ = {isa = PBXBuildFile; fileRef = DCD319D828BA17A40044ABC2 /* ExploreViewController.swift */; };
		DCD319DB28BA17D50044ABC2 /* CameraViewController.swift in Sources */ = {isa = PBXBuildFile; fileRef = DCD319DA28BA17D50044ABC2 /* CameraViewController.swift */; };
		DCD319DD28BA17FD0044ABC2 /* NotificationViewController.swift in Sources */ = {isa = PBXBuildFile; fileRef = DCD319DC28BA17FD0044ABC2 /* NotificationViewController.swift */; };
		DCD319DF28BA18290044ABC2 /* ProfileViewController.swift in Sources */ = {isa = PBXBuildFile; fileRef = DCD319DE28BA18290044ABC2 /* ProfileViewController.swift */; };
		DCD319E428BA191D0044ABC2 /* LoginViewController.swift in Sources */ = {isa = PBXBuildFile; fileRef = DCD319E328BA191D0044ABC2 /* LoginViewController.swift */; };
		DCD319E628BA19480044ABC2 /* RegistrationViewController.swift in Sources */ = {isa = PBXBuildFile; fileRef = DCD319E528BA19480044ABC2 /* RegistrationViewController.swift */; };
		DCD319E828BA19900044ABC2 /* PostViewController.swift in Sources */ = {isa = PBXBuildFile; fileRef = DCD319E728BA19900044ABC2 /* PostViewController.swift */; };
		DCD319EA28BA19C70044ABC2 /* EditProfileViewController.swift in Sources */ = {isa = PBXBuildFile; fileRef = DCD319E928BA19C70044ABC2 /* EditProfileViewController.swift */; };
		DCD319EC28BA19E80044ABC2 /* SettingsViewController.swift in Sources */ = {isa = PBXBuildFile; fileRef = DCD319EB28BA19E80044ABC2 /* SettingsViewController.swift */; };
		DCD319EE28BA1A120044ABC2 /* ListViewController.swift in Sources */ = {isa = PBXBuildFile; fileRef = DCD319ED28BA1A120044ABC2 /* ListViewController.swift */; };
		DCD319F228BA1A560044ABC2 /* SearchViewController.swift in Sources */ = {isa = PBXBuildFile; fileRef = DCD319F128BA1A560044ABC2 /* SearchViewController.swift */; };
		DCD319F428BA1A6F0044ABC2 /* SearchResultViewController.swift in Sources */ = {isa = PBXBuildFile; fileRef = DCD319F328BA1A6F0044ABC2 /* SearchResultViewController.swift */; };
		DCD319F628BA1AC40044ABC2 /* PostEditorViewController.swift in Sources */ = {isa = PBXBuildFile; fileRef = DCD319F528BA1AC40044ABC2 /* PostEditorViewController.swift */; };
		DCD319F828BA1AEA0044ABC2 /* PublishPostViewController.swift in Sources */ = {isa = PBXBuildFile; fileRef = DCD319F728BA1AEA0044ABC2 /* PublishPostViewController.swift */; };
/* End PBXBuildFile section */

/* Begin PBXContainerItemProxy section */
		DCD319B728BA15A40044ABC2 /* PBXContainerItemProxy */ = {
			isa = PBXContainerItemProxy;
			containerPortal = DCD3199528BA15A30044ABC2 /* Project object */;
			proxyType = 1;
			remoteGlobalIDString = DCD3199C28BA15A30044ABC2;
			remoteInfo = Instagram;
		};
		DCD319C128BA15A40044ABC2 /* PBXContainerItemProxy */ = {
			isa = PBXContainerItemProxy;
			containerPortal = DCD3199528BA15A30044ABC2 /* Project object */;
			proxyType = 1;
			remoteGlobalIDString = DCD3199C28BA15A30044ABC2;
			remoteInfo = Instagram;
		};
/* End PBXContainerItemProxy section */

/* Begin PBXFileReference section */
		DCD3199D28BA15A30044ABC2 /* Instagram.app */ = {isa = PBXFileReference; explicitFileType = wrapper.application; includeInIndex = 0; path = Instagram.app; sourceTree = BUILT_PRODUCTS_DIR; };
		DCD319A028BA15A30044ABC2 /* AppDelegate.swift */ = {isa = PBXFileReference; lastKnownFileType = sourcecode.swift; path = AppDelegate.swift; sourceTree = "<group>"; };
		DCD319A228BA15A30044ABC2 /* SceneDelegate.swift */ = {isa = PBXFileReference; lastKnownFileType = sourcecode.swift; path = SceneDelegate.swift; sourceTree = "<group>"; };
		DCD319A428BA15A30044ABC2 /* HomeViewController.swift */ = {isa = PBXFileReference; lastKnownFileType = sourcecode.swift; path = HomeViewController.swift; sourceTree = "<group>"; };
		DCD319A728BA15A30044ABC2 /* Base */ = {isa = PBXFileReference; lastKnownFileType = file.storyboard; name = Base; path = Base.lproj/Main.storyboard; sourceTree = "<group>"; };
		DCD319AC28BA15A40044ABC2 /* Assets.xcassets */ = {isa = PBXFileReference; lastKnownFileType = folder.assetcatalog; path = Assets.xcassets; sourceTree = "<group>"; };
		DCD319AF28BA15A40044ABC2 /* Base */ = {isa = PBXFileReference; lastKnownFileType = file.storyboard; name = Base; path = Base.lproj/LaunchScreen.storyboard; sourceTree = "<group>"; };
		DCD319B128BA15A40044ABC2 /* Info.plist */ = {isa = PBXFileReference; lastKnownFileType = text.plist.xml; path = Info.plist; sourceTree = "<group>"; };
		DCD319B628BA15A40044ABC2 /* InstagramTests.xctest */ = {isa = PBXFileReference; explicitFileType = wrapper.cfbundle; includeInIndex = 0; path = InstagramTests.xctest; sourceTree = BUILT_PRODUCTS_DIR; };
		DCD319BA28BA15A40044ABC2 /* InstagramTests.swift */ = {isa = PBXFileReference; lastKnownFileType = sourcecode.swift; path = InstagramTests.swift; sourceTree = "<group>"; };
		DCD319C028BA15A40044ABC2 /* InstagramUITests.xctest */ = {isa = PBXFileReference; explicitFileType = wrapper.cfbundle; includeInIndex = 0; path = InstagramUITests.xctest; sourceTree = BUILT_PRODUCTS_DIR; };
		DCD319C428BA15A40044ABC2 /* InstagramUITests.swift */ = {isa = PBXFileReference; lastKnownFileType = sourcecode.swift; path = InstagramUITests.swift; sourceTree = "<group>"; };
		DCD319C628BA15A40044ABC2 /* InstagramUITestsLaunchTests.swift */ = {isa = PBXFileReference; lastKnownFileType = sourcecode.swift; path = InstagramUITestsLaunchTests.swift; sourceTree = "<group>"; };
		DCD319D828BA17A40044ABC2 /* ExploreViewController.swift */ = {isa = PBXFileReference; lastKnownFileType = sourcecode.swift; path = ExploreViewController.swift; sourceTree = "<group>"; };
		DCD319DA28BA17D50044ABC2 /* CameraViewController.swift */ = {isa = PBXFileReference; lastKnownFileType = sourcecode.swift; path = CameraViewController.swift; sourceTree = "<group>"; };
		DCD319DC28BA17FD0044ABC2 /* NotificationViewController.swift */ = {isa = PBXFileReference; lastKnownFileType = sourcecode.swift; path = NotificationViewController.swift; sourceTree = "<group>"; };
		DCD319DE28BA18290044ABC2 /* ProfileViewController.swift */ = {isa = PBXFileReference; lastKnownFileType = sourcecode.swift; path = ProfileViewController.swift; sourceTree = "<group>"; };
		DCD319E328BA191D0044ABC2 /* LoginViewController.swift */ = {isa = PBXFileReference; lastKnownFileType = sourcecode.swift; path = LoginViewController.swift; sourceTree = "<group>"; };
		DCD319E528BA19480044ABC2 /* RegistrationViewController.swift */ = {isa = PBXFileReference; lastKnownFileType = sourcecode.swift; path = RegistrationViewController.swift; sourceTree = "<group>"; };
		DCD319E728BA19900044ABC2 /* PostViewController.swift */ = {isa = PBXFileReference; lastKnownFileType = sourcecode.swift; path = PostViewController.swift; sourceTree = "<group>"; };
		DCD319E928BA19C70044ABC2 /* EditProfileViewController.swift */ = {isa = PBXFileReference; lastKnownFileType = sourcecode.swift; path = EditProfileViewController.swift; sourceTree = "<group>"; };
		DCD319EB28BA19E80044ABC2 /* SettingsViewController.swift */ = {isa = PBXFileReference; lastKnownFileType = sourcecode.swift; path = SettingsViewController.swift; sourceTree = "<group>"; };
		DCD319ED28BA1A120044ABC2 /* ListViewController.swift */ = {isa = PBXFileReference; lastKnownFileType = sourcecode.swift; path = ListViewController.swift; sourceTree = "<group>"; };
		DCD319F128BA1A560044ABC2 /* SearchViewController.swift */ = {isa = PBXFileReference; lastKnownFileType = sourcecode.swift; path = SearchViewController.swift; sourceTree = "<group>"; };
		DCD319F328BA1A6F0044ABC2 /* SearchResultViewController.swift */ = {isa = PBXFileReference; lastKnownFileType = sourcecode.swift; path = SearchResultViewController.swift; sourceTree = "<group>"; };
		DCD319F528BA1AC40044ABC2 /* PostEditorViewController.swift */ = {isa = PBXFileReference; lastKnownFileType = sourcecode.swift; path = PostEditorViewController.swift; sourceTree = "<group>"; };
		DCD319F728BA1AEA0044ABC2 /* PublishPostViewController.swift */ = {isa = PBXFileReference; lastKnownFileType = sourcecode.swift; path = PublishPostViewController.swift; sourceTree = "<group>"; };
/* End PBXFileReference section */

/* Begin PBXFrameworksBuildPhase section */
		DCD3199A28BA15A30044ABC2 /* Frameworks */ = {
			isa = PBXFrameworksBuildPhase;
			buildActionMask = 2147483647;
			files = (
			);
			runOnlyForDeploymentPostprocessing = 0;
		};
		DCD319B328BA15A40044ABC2 /* Frameworks */ = {
			isa = PBXFrameworksBuildPhase;
			buildActionMask = 2147483647;
			files = (
			);
			runOnlyForDeploymentPostprocessing = 0;
		};
		DCD319BD28BA15A40044ABC2 /* Frameworks */ = {
			isa = PBXFrameworksBuildPhase;
			buildActionMask = 2147483647;
			files = (
			);
			runOnlyForDeploymentPostprocessing = 0;
		};
/* End PBXFrameworksBuildPhase section */

/* Begin PBXGroup section */
		DCD3199428BA15A30044ABC2 = {
			isa = PBXGroup;
			children = (
				DCD3199F28BA15A30044ABC2 /* Instagram */,
				DCD319B928BA15A40044ABC2 /* InstagramTests */,
				DCD319C328BA15A40044ABC2 /* InstagramUITests */,
				DCD3199E28BA15A30044ABC2 /* Products */,
			);
			sourceTree = "<group>";
		};
		DCD3199E28BA15A30044ABC2 /* Products */ = {
			isa = PBXGroup;
			children = (
				DCD3199D28BA15A30044ABC2 /* Instagram.app */,
				DCD319B628BA15A40044ABC2 /* InstagramTests.xctest */,
				DCD319C028BA15A40044ABC2 /* InstagramUITests.xctest */,
			);
			name = Products;
			sourceTree = "<group>";
		};
		DCD3199F28BA15A30044ABC2 /* Instagram */ = {
			isa = PBXGroup;
			children = (
				DCD319D628BA16700044ABC2 /* Resources */,
				DCD319D528BA16450044ABC2 /* Models */,
				DCD319D428BA163C0044ABC2 /* Views */,
				DCD319D328BA160F0044ABC2 /* Controllers */,
				DCD319B128BA15A40044ABC2 /* Info.plist */,
			);
			path = Instagram;
			sourceTree = "<group>";
		};
		DCD319B928BA15A40044ABC2 /* InstagramTests */ = {
			isa = PBXGroup;
			children = (
				DCD319BA28BA15A40044ABC2 /* InstagramTests.swift */,
			);
			path = InstagramTests;
			sourceTree = "<group>";
		};
		DCD319C328BA15A40044ABC2 /* InstagramUITests */ = {
			isa = PBXGroup;
			children = (
				DCD319C428BA15A40044ABC2 /* InstagramUITests.swift */,
				DCD319C628BA15A40044ABC2 /* InstagramUITestsLaunchTests.swift */,
			);
			path = InstagramUITests;
			sourceTree = "<group>";
		};
		DCD319D328BA160F0044ABC2 /* Controllers */ = {
			isa = PBXGroup;
			children = (
				DCD319E128BA18D60044ABC2 /* Other */,
				DCD319E028BA187D0044ABC2 /* Core Tabs */,
			);
			name = Controllers;
			sourceTree = "<group>";
		};
		DCD319D428BA163C0044ABC2 /* Views */ = {
			isa = PBXGroup;
			children = (
				DCD319D728BA16F30044ABC2 /* Storyboards */,
				DCD319AC28BA15A40044ABC2 /* Assets.xcassets */,
			);
			name = Views;
			sourceTree = "<group>";
		};
		DCD319D528BA16450044ABC2 /* Models */ = {
			isa = PBXGroup;
			children = (
			);
			name = Models;
			sourceTree = "<group>";
		};
		DCD319D628BA16700044ABC2 /* Resources */ = {
			isa = PBXGroup;
			children = (
				DCD319A028BA15A30044ABC2 /* AppDelegate.swift */,
				DCD319A228BA15A30044ABC2 /* SceneDelegate.swift */,
			);
			name = Resources;
			sourceTree = "<group>";
		};
		DCD319D728BA16F30044ABC2 /* Storyboards */ = {
			isa = PBXGroup;
			children = (
				DCD319A628BA15A30044ABC2 /* Main.storyboard */,
				DCD319AE28BA15A40044ABC2 /* LaunchScreen.storyboard */,
			);
			name = Storyboards;
			sourceTree = "<group>";
		};
		DCD319E028BA187D0044ABC2 /* Core Tabs */ = {
			isa = PBXGroup;
			children = (
				DCD319A428BA15A30044ABC2 /* HomeViewController.swift */,
				DCD319DE28BA18290044ABC2 /* ProfileViewController.swift */,
				DCD319DC28BA17FD0044ABC2 /* NotificationViewController.swift */,
				DCD319D828BA17A40044ABC2 /* ExploreViewController.swift */,
				DCD319DA28BA17D50044ABC2 /* CameraViewController.swift */,
			);
			name = "Core Tabs";
			sourceTree = "<group>";
		};
		DCD319E128BA18D60044ABC2 /* Other */ = {
			isa = PBXGroup;
			children = (
				DCD319E228BA18E00044ABC2 /* Onboarding */,
				DCD319E728BA19900044ABC2 /* PostViewController.swift */,
				DCD319F528BA1AC40044ABC2 /* PostEditorViewController.swift */,
				DCD319F728BA1AEA0044ABC2 /* PublishPostViewController.swift */,
				DCD319F128BA1A560044ABC2 /* SearchViewController.swift */,
				DCD319ED28BA1A120044ABC2 /* ListViewController.swift */,
				DCD319F328BA1A6F0044ABC2 /* SearchResultViewController.swift */,
				DCD319EB28BA19E80044ABC2 /* SettingsViewController.swift */,
				DCD319E928BA19C70044ABC2 /* EditProfileViewController.swift */,
			);
			name = Other;
			sourceTree = "<group>";
		};
		DCD319E228BA18E00044ABC2 /* Onboarding */ = {
			isa = PBXGroup;
			children = (
				DCD319E328BA191D0044ABC2 /* LoginViewController.swift */,
				DCD319E528BA19480044ABC2 /* RegistrationViewController.swift */,
			);
			name = Onboarding;
			sourceTree = "<group>";
		};
/* End PBXGroup section */

/* Begin PBXNativeTarget section */
		DCD3199C28BA15A30044ABC2 /* Instagram */ = {
			isa = PBXNativeTarget;
			buildConfigurationList = DCD319CA28BA15A40044ABC2 /* Build configuration list for PBXNativeTarget "Instagram" */;
			buildPhases = (
				DCD3199928BA15A30044ABC2 /* Sources */,
				DCD3199A28BA15A30044ABC2 /* Frameworks */,
				DCD3199B28BA15A30044ABC2 /* Resources */,
			);
			buildRules = (
			);
			dependencies = (
			);
			name = Instagram;
			productName = Instagram;
			productReference = DCD3199D28BA15A30044ABC2 /* Instagram.app */;
			productType = "com.apple.product-type.application";
		};
		DCD319B528BA15A40044ABC2 /* InstagramTests */ = {
			isa = PBXNativeTarget;
			buildConfigurationList = DCD319CD28BA15A40044ABC2 /* Build configuration list for PBXNativeTarget "InstagramTests" */;
			buildPhases = (
				DCD319B228BA15A40044ABC2 /* Sources */,
				DCD319B328BA15A40044ABC2 /* Frameworks */,
				DCD319B428BA15A40044ABC2 /* Resources */,
			);
			buildRules = (
			);
			dependencies = (
				DCD319B828BA15A40044ABC2 /* PBXTargetDependency */,
			);
			name = InstagramTests;
			productName = InstagramTests;
			productReference = DCD319B628BA15A40044ABC2 /* InstagramTests.xctest */;
			productType = "com.apple.product-type.bundle.unit-test";
		};
		DCD319BF28BA15A40044ABC2 /* InstagramUITests */ = {
			isa = PBXNativeTarget;
			buildConfigurationList = DCD319D028BA15A40044ABC2 /* Build configuration list for PBXNativeTarget "InstagramUITests" */;
			buildPhases = (
				DCD319BC28BA15A40044ABC2 /* Sources */,
				DCD319BD28BA15A40044ABC2 /* Frameworks */,
				DCD319BE28BA15A40044ABC2 /* Resources */,
			);
			buildRules = (
			);
			dependencies = (
				DCD319C228BA15A40044ABC2 /* PBXTargetDependency */,
			);
			name = InstagramUITests;
			productName = InstagramUITests;
			productReference = DCD319C028BA15A40044ABC2 /* InstagramUITests.xctest */;
			productType = "com.apple.product-type.bundle.ui-testing";
		};
/* End PBXNativeTarget section */

/* Begin PBXProject section */
		DCD3199528BA15A30044ABC2 /* Project object */ = {
			isa = PBXProject;
			attributes = {
				BuildIndependentTargetsInParallel = 1;
				LastSwiftUpdateCheck = 1340;
				LastUpgradeCheck = 1340;
				TargetAttributes = {
					DCD3199C28BA15A30044ABC2 = {
						CreatedOnToolsVersion = 13.4.1;
					};
					DCD319B528BA15A40044ABC2 = {
						CreatedOnToolsVersion = 13.4.1;
						TestTargetID = DCD3199C28BA15A30044ABC2;
					};
					DCD319BF28BA15A40044ABC2 = {
						CreatedOnToolsVersion = 13.4.1;
						TestTargetID = DCD3199C28BA15A30044ABC2;
					};
				};
			};
			buildConfigurationList = DCD3199828BA15A30044ABC2 /* Build configuration list for PBXProject "Instagram" */;
			compatibilityVersion = "Xcode 13.0";
			developmentRegion = en;
			hasScannedForEncodings = 0;
			knownRegions = (
				en,
				Base,
			);
			mainGroup = DCD3199428BA15A30044ABC2;
			productRefGroup = DCD3199E28BA15A30044ABC2 /* Products */;
			projectDirPath = "";
			projectRoot = "";
			targets = (
				DCD3199C28BA15A30044ABC2 /* Instagram */,
				DCD319B528BA15A40044ABC2 /* InstagramTests */,
				DCD319BF28BA15A40044ABC2 /* InstagramUITests */,
			);
		};
/* End PBXProject section */

/* Begin PBXResourcesBuildPhase section */
		DCD3199B28BA15A30044ABC2 /* Resources */ = {
			isa = PBXResourcesBuildPhase;
			buildActionMask = 2147483647;
			files = (
				DCD319B028BA15A40044ABC2 /* LaunchScreen.storyboard in Resources */,
				DCD319AD28BA15A40044ABC2 /* Assets.xcassets in Resources */,
				DCD319A828BA15A30044ABC2 /* Main.storyboard in Resources */,
			);
			runOnlyForDeploymentPostprocessing = 0;
		};
		DCD319B428BA15A40044ABC2 /* Resources */ = {
			isa = PBXResourcesBuildPhase;
			buildActionMask = 2147483647;
			files = (
			);
			runOnlyForDeploymentPostprocessing = 0;
		};
		DCD319BE28BA15A40044ABC2 /* Resources */ = {
			isa = PBXResourcesBuildPhase;
			buildActionMask = 2147483647;
			files = (
			);
			runOnlyForDeploymentPostprocessing = 0;
		};
/* End PBXResourcesBuildPhase section */

/* Begin PBXSourcesBuildPhase section */
		DCD3199928BA15A30044ABC2 /* Sources */ = {
			isa = PBXSourcesBuildPhase;
			buildActionMask = 2147483647;
			files = (
				DCD319EA28BA19C70044ABC2 /* EditProfileViewController.swift in Sources */,
				DCD319D928BA17A40044ABC2 /* ExploreViewController.swift in Sources */,
				DCD319F828BA1AEA0044ABC2 /* PublishPostViewController.swift in Sources */,
				DCD319DB28BA17D50044ABC2 /* CameraViewController.swift in Sources */,
				DCD319DD28BA17FD0044ABC2 /* NotificationViewController.swift in Sources */,
				DCD319E628BA19480044ABC2 /* RegistrationViewController.swift in Sources */,
				DCD319F628BA1AC40044ABC2 /* PostEditorViewController.swift in Sources */,
				DCD319E828BA19900044ABC2 /* PostViewController.swift in Sources */,
				DCD319A528BA15A30044ABC2 /* HomeViewController.swift in Sources */,
				DCD319F428BA1A6F0044ABC2 /* SearchResultViewController.swift in Sources */,
				DCD319E428BA191D0044ABC2 /* LoginViewController.swift in Sources */,
				DCD319F228BA1A560044ABC2 /* SearchViewController.swift in Sources */,
				DCD319DF28BA18290044ABC2 /* ProfileViewController.swift in Sources */,
				DCD319A128BA15A30044ABC2 /* AppDelegate.swift in Sources */,
				DCD319A328BA15A30044ABC2 /* SceneDelegate.swift in Sources */,
				DCD319EE28BA1A120044ABC2 /* ListViewController.swift in Sources */,
				DCD319EC28BA19E80044ABC2 /* SettingsViewController.swift in Sources */,
			);
			runOnlyForDeploymentPostprocessing = 0;
		};
		DCD319B228BA15A40044ABC2 /* Sources */ = {
			isa = PBXSourcesBuildPhase;
			buildActionMask = 2147483647;
			files = (
				DCD319BB28BA15A40044ABC2 /* InstagramTests.swift in Sources */,
			);
			runOnlyForDeploymentPostprocessing = 0;
		};
		DCD319BC28BA15A40044ABC2 /* Sources */ = {
			isa = PBXSourcesBuildPhase;
			buildActionMask = 2147483647;
			files = (
				DCD319C528BA15A40044ABC2 /* InstagramUITests.swift in Sources */,
				DCD319C728BA15A40044ABC2 /* InstagramUITestsLaunchTests.swift in Sources */,
			);
			runOnlyForDeploymentPostprocessing = 0;
		};
/* End PBXSourcesBuildPhase section */

/* Begin PBXTargetDependency section */
		DCD319B828BA15A40044ABC2 /* PBXTargetDependency */ = {
			isa = PBXTargetDependency;
			target = DCD3199C28BA15A30044ABC2 /* Instagram */;
			targetProxy = DCD319B728BA15A40044ABC2 /* PBXContainerItemProxy */;
		};
		DCD319C228BA15A40044ABC2 /* PBXTargetDependency */ = {
			isa = PBXTargetDependency;
			target = DCD3199C28BA15A30044ABC2 /* Instagram */;
			targetProxy = DCD319C128BA15A40044ABC2 /* PBXContainerItemProxy */;
		};
/* End PBXTargetDependency section */

/* Begin PBXVariantGroup section */
		DCD319A628BA15A30044ABC2 /* Main.storyboard */ = {
			isa = PBXVariantGroup;
			children = (
				DCD319A728BA15A30044ABC2 /* Base */,
			);
			name = Main.storyboard;
			sourceTree = "<group>";
		};
		DCD319AE28BA15A40044ABC2 /* LaunchScreen.storyboard */ = {
			isa = PBXVariantGroup;
			children = (
				DCD319AF28BA15A40044ABC2 /* Base */,
			);
			name = LaunchScreen.storyboard;
			sourceTree = "<group>";
		};
/* End PBXVariantGroup section */

/* Begin XCBuildConfiguration section */
		DCD319C828BA15A40044ABC2 /* Debug */ = {
			isa = XCBuildConfiguration;
			buildSettings = {
				ALWAYS_SEARCH_USER_PATHS = NO;
				CLANG_ANALYZER_NONNULL = YES;
				CLANG_ANALYZER_NUMBER_OBJECT_CONVERSION = YES_AGGRESSIVE;
				CLANG_CXX_LANGUAGE_STANDARD = "gnu++17";
				CLANG_ENABLE_MODULES = YES;
				CLANG_ENABLE_OBJC_ARC = YES;
				CLANG_ENABLE_OBJC_WEAK = YES;
				CLANG_WARN_BLOCK_CAPTURE_AUTORELEASING = YES;
				CLANG_WARN_BOOL_CONVERSION = YES;
				CLANG_WARN_COMMA = YES;
				CLANG_WARN_CONSTANT_CONVERSION = YES;
				CLANG_WARN_DEPRECATED_OBJC_IMPLEMENTATIONS = YES;
				CLANG_WARN_DIRECT_OBJC_ISA_USAGE = YES_ERROR;
				CLANG_WARN_DOCUMENTATION_COMMENTS = YES;
				CLANG_WARN_EMPTY_BODY = YES;
				CLANG_WARN_ENUM_CONVERSION = YES;
				CLANG_WARN_INFINITE_RECURSION = YES;
				CLANG_WARN_INT_CONVERSION = YES;
				CLANG_WARN_NON_LITERAL_NULL_CONVERSION = YES;
				CLANG_WARN_OBJC_IMPLICIT_RETAIN_SELF = YES;
				CLANG_WARN_OBJC_LITERAL_CONVERSION = YES;
				CLANG_WARN_OBJC_ROOT_CLASS = YES_ERROR;
				CLANG_WARN_QUOTED_INCLUDE_IN_FRAMEWORK_HEADER = YES;
				CLANG_WARN_RANGE_LOOP_ANALYSIS = YES;
				CLANG_WARN_STRICT_PROTOTYPES = YES;
				CLANG_WARN_SUSPICIOUS_MOVE = YES;
				CLANG_WARN_UNGUARDED_AVAILABILITY = YES_AGGRESSIVE;
				CLANG_WARN_UNREACHABLE_CODE = YES;
				CLANG_WARN__DUPLICATE_METHOD_MATCH = YES;
				COPY_PHASE_STRIP = NO;
				DEBUG_INFORMATION_FORMAT = dwarf;
				ENABLE_STRICT_OBJC_MSGSEND = YES;
				ENABLE_TESTABILITY = YES;
				GCC_C_LANGUAGE_STANDARD = gnu11;
				GCC_DYNAMIC_NO_PIC = NO;
				GCC_NO_COMMON_BLOCKS = YES;
				GCC_OPTIMIZATION_LEVEL = 0;
				GCC_PREPROCESSOR_DEFINITIONS = (
					"DEBUG=1",
					"$(inherited)",
				);
				GCC_WARN_64_TO_32_BIT_CONVERSION = YES;
				GCC_WARN_ABOUT_RETURN_TYPE = YES_ERROR;
				GCC_WARN_UNDECLARED_SELECTOR = YES;
				GCC_WARN_UNINITIALIZED_AUTOS = YES_AGGRESSIVE;
				GCC_WARN_UNUSED_FUNCTION = YES;
				GCC_WARN_UNUSED_VARIABLE = YES;
				IPHONEOS_DEPLOYMENT_TARGET = 15.5;
				MTL_ENABLE_DEBUG_INFO = INCLUDE_SOURCE;
				MTL_FAST_MATH = YES;
				ONLY_ACTIVE_ARCH = YES;
				SDKROOT = iphoneos;
				SWIFT_ACTIVE_COMPILATION_CONDITIONS = DEBUG;
				SWIFT_OPTIMIZATION_LEVEL = "-Onone";
			};
			name = Debug;
		};
		DCD319C928BA15A40044ABC2 /* Release */ = {
			isa = XCBuildConfiguration;
			buildSettings = {
				ALWAYS_SEARCH_USER_PATHS = NO;
				CLANG_ANALYZER_NONNULL = YES;
				CLANG_ANALYZER_NUMBER_OBJECT_CONVERSION = YES_AGGRESSIVE;
				CLANG_CXX_LANGUAGE_STANDARD = "gnu++17";
				CLANG_ENABLE_MODULES = YES;
				CLANG_ENABLE_OBJC_ARC = YES;
				CLANG_ENABLE_OBJC_WEAK = YES;
				CLANG_WARN_BLOCK_CAPTURE_AUTORELEASING = YES;
				CLANG_WARN_BOOL_CONVERSION = YES;
				CLANG_WARN_COMMA = YES;
				CLANG_WARN_CONSTANT_CONVERSION = YES;
				CLANG_WARN_DEPRECATED_OBJC_IMPLEMENTATIONS = YES;
				CLANG_WARN_DIRECT_OBJC_ISA_USAGE = YES_ERROR;
				CLANG_WARN_DOCUMENTATION_COMMENTS = YES;
				CLANG_WARN_EMPTY_BODY = YES;
				CLANG_WARN_ENUM_CONVERSION = YES;
				CLANG_WARN_INFINITE_RECURSION = YES;
				CLANG_WARN_INT_CONVERSION = YES;
				CLANG_WARN_NON_LITERAL_NULL_CONVERSION = YES;
				CLANG_WARN_OBJC_IMPLICIT_RETAIN_SELF = YES;
				CLANG_WARN_OBJC_LITERAL_CONVERSION = YES;
				CLANG_WARN_OBJC_ROOT_CLASS = YES_ERROR;
				CLANG_WARN_QUOTED_INCLUDE_IN_FRAMEWORK_HEADER = YES;
				CLANG_WARN_RANGE_LOOP_ANALYSIS = YES;
				CLANG_WARN_STRICT_PROTOTYPES = YES;
				CLANG_WARN_SUSPICIOUS_MOVE = YES;
				CLANG_WARN_UNGUARDED_AVAILABILITY = YES_AGGRESSIVE;
				CLANG_WARN_UNREACHABLE_CODE = YES;
				CLANG_WARN__DUPLICATE_METHOD_MATCH = YES;
				COPY_PHASE_STRIP = NO;
				DEBUG_INFORMATION_FORMAT = "dwarf-with-dsym";
				ENABLE_NS_ASSERTIONS = NO;
				ENABLE_STRICT_OBJC_MSGSEND = YES;
				GCC_C_LANGUAGE_STANDARD = gnu11;
				GCC_NO_COMMON_BLOCKS = YES;
				GCC_WARN_64_TO_32_BIT_CONVERSION = YES;
				GCC_WARN_ABOUT_RETURN_TYPE = YES_ERROR;
				GCC_WARN_UNDECLARED_SELECTOR = YES;
				GCC_WARN_UNINITIALIZED_AUTOS = YES_AGGRESSIVE;
				GCC_WARN_UNUSED_FUNCTION = YES;
				GCC_WARN_UNUSED_VARIABLE = YES;
				IPHONEOS_DEPLOYMENT_TARGET = 15.5;
				MTL_ENABLE_DEBUG_INFO = NO;
				MTL_FAST_MATH = YES;
				SDKROOT = iphoneos;
				SWIFT_COMPILATION_MODE = wholemodule;
				SWIFT_OPTIMIZATION_LEVEL = "-O";
				VALIDATE_PRODUCT = YES;
			};
			name = Release;
		};
		DCD319CB28BA15A40044ABC2 /* Debug */ = {
			isa = XCBuildConfiguration;
			buildSettings = {
				ASSETCATALOG_COMPILER_APPICON_NAME = AppIcon;
				ASSETCATALOG_COMPILER_GLOBAL_ACCENT_COLOR_NAME = AccentColor;
				CODE_SIGN_STYLE = Automatic;
				CURRENT_PROJECT_VERSION = 1;
				GENERATE_INFOPLIST_FILE = YES;
				INFOPLIST_FILE = Instagram/Info.plist;
				INFOPLIST_KEY_UIApplicationSupportsIndirectInputEvents = YES;
				INFOPLIST_KEY_UILaunchStoryboardName = LaunchScreen;
				INFOPLIST_KEY_UIMainStoryboardFile = Main;
				INFOPLIST_KEY_UISupportedInterfaceOrientations_iPad = "UIInterfaceOrientationPortrait UIInterfaceOrientationPortraitUpsideDown UIInterfaceOrientationLandscapeLeft UIInterfaceOrientationLandscapeRight";
				INFOPLIST_KEY_UISupportedInterfaceOrientations_iPhone = "UIInterfaceOrientationPortrait UIInterfaceOrientationLandscapeLeft UIInterfaceOrientationLandscapeRight";
				LD_RUNPATH_SEARCH_PATHS = (
					"$(inherited)",
					"@executable_path/Frameworks",
				);
				MARKETING_VERSION = 1.0;
				PRODUCT_BUNDLE_IDENTIFIER = kr.co.test.Instagram;
				PRODUCT_NAME = "$(TARGET_NAME)";
				SWIFT_EMIT_LOC_STRINGS = YES;
				SWIFT_VERSION = 5.0;
				TARGETED_DEVICE_FAMILY = 1;
			};
			name = Debug;
		};
		DCD319CC28BA15A40044ABC2 /* Release */ = {
			isa = XCBuildConfiguration;
			buildSettings = {
				ASSETCATALOG_COMPILER_APPICON_NAME = AppIcon;
				ASSETCATALOG_COMPILER_GLOBAL_ACCENT_COLOR_NAME = AccentColor;
				CODE_SIGN_STYLE = Automatic;
				CURRENT_PROJECT_VERSION = 1;
				GENERATE_INFOPLIST_FILE = YES;
				INFOPLIST_FILE = Instagram/Info.plist;
				INFOPLIST_KEY_UIApplicationSupportsIndirectInputEvents = YES;
				INFOPLIST_KEY_UILaunchStoryboardName = LaunchScreen;
				INFOPLIST_KEY_UIMainStoryboardFile = Main;
				INFOPLIST_KEY_UISupportedInterfaceOrientations_iPad = "UIInterfaceOrientationPortrait UIInterfaceOrientationPortraitUpsideDown UIInterfaceOrientationLandscapeLeft UIInterfaceOrientationLandscapeRight";
				INFOPLIST_KEY_UISupportedInterfaceOrientations_iPhone = "UIInterfaceOrientationPortrait UIInterfaceOrientationLandscapeLeft UIInterfaceOrientationLandscapeRight";
				LD_RUNPATH_SEARCH_PATHS = (
					"$(inherited)",
					"@executable_path/Frameworks",
				);
				MARKETING_VERSION = 1.0;
				PRODUCT_BUNDLE_IDENTIFIER = kr.co.test.Instagram;
				PRODUCT_NAME = "$(TARGET_NAME)";
				SWIFT_EMIT_LOC_STRINGS = YES;
				SWIFT_VERSION = 5.0;
				TARGETED_DEVICE_FAMILY = 1;
			};
			name = Release;
		};
		DCD319CE28BA15A40044ABC2 /* Debug */ = {
			isa = XCBuildConfiguration;
			buildSettings = {
				ALWAYS_EMBED_SWIFT_STANDARD_LIBRARIES = YES;
				BUNDLE_LOADER = "$(TEST_HOST)";
				CODE_SIGN_STYLE = Automatic;
				CURRENT_PROJECT_VERSION = 1;
				GENERATE_INFOPLIST_FILE = YES;
				IPHONEOS_DEPLOYMENT_TARGET = 15.5;
				MARKETING_VERSION = 1.0;
				PRODUCT_BUNDLE_IDENTIFIER = kr.co.test.InstagramTests;
				PRODUCT_NAME = "$(TARGET_NAME)";
				SWIFT_EMIT_LOC_STRINGS = NO;
				SWIFT_VERSION = 5.0;
				TARGETED_DEVICE_FAMILY = "1,2";
				TEST_HOST = "$(BUILT_PRODUCTS_DIR)/Instagram.app/Instagram";
			};
			name = Debug;
		};
		DCD319CF28BA15A40044ABC2 /* Release */ = {
			isa = XCBuildConfiguration;
			buildSettings = {
				ALWAYS_EMBED_SWIFT_STANDARD_LIBRARIES = YES;
				BUNDLE_LOADER = "$(TEST_HOST)";
				CODE_SIGN_STYLE = Automatic;
				CURRENT_PROJECT_VERSION = 1;
				GENERATE_INFOPLIST_FILE = YES;
				IPHONEOS_DEPLOYMENT_TARGET = 15.5;
				MARKETING_VERSION = 1.0;
				PRODUCT_BUNDLE_IDENTIFIER = kr.co.test.InstagramTests;
				PRODUCT_NAME = "$(TARGET_NAME)";
				SWIFT_EMIT_LOC_STRINGS = NO;
				SWIFT_VERSION = 5.0;
				TARGETED_DEVICE_FAMILY = "1,2";
				TEST_HOST = "$(BUILT_PRODUCTS_DIR)/Instagram.app/Instagram";
			};
			name = Release;
		};
		DCD319D128BA15A40044ABC2 /* Debug */ = {
			isa = XCBuildConfiguration;
			buildSettings = {
				ALWAYS_EMBED_SWIFT_STANDARD_LIBRARIES = YES;
				CODE_SIGN_STYLE = Automatic;
				CURRENT_PROJECT_VERSION = 1;
				GENERATE_INFOPLIST_FILE = YES;
				MARKETING_VERSION = 1.0;
				PRODUCT_BUNDLE_IDENTIFIER = kr.co.test.InstagramUITests;
				PRODUCT_NAME = "$(TARGET_NAME)";
				SWIFT_EMIT_LOC_STRINGS = NO;
				SWIFT_VERSION = 5.0;
				TARGETED_DEVICE_FAMILY = "1,2";
				TEST_TARGET_NAME = Instagram;
			};
			name = Debug;
		};
		DCD319D228BA15A40044ABC2 /* Release */ = {
			isa = XCBuildConfiguration;
			buildSettings = {
				ALWAYS_EMBED_SWIFT_STANDARD_LIBRARIES = YES;
				CODE_SIGN_STYLE = Automatic;
				CURRENT_PROJECT_VERSION = 1;
				GENERATE_INFOPLIST_FILE = YES;
				MARKETING_VERSION = 1.0;
				PRODUCT_BUNDLE_IDENTIFIER = kr.co.test.InstagramUITests;
				PRODUCT_NAME = "$(TARGET_NAME)";
				SWIFT_EMIT_LOC_STRINGS = NO;
				SWIFT_VERSION = 5.0;
				TARGETED_DEVICE_FAMILY = "1,2";
				TEST_TARGET_NAME = Instagram;
			};
			name = Release;
		};
/* End XCBuildConfiguration section */

/* Begin XCConfigurationList section */
		DCD3199828BA15A30044ABC2 /* Build configuration list for PBXProject "Instagram" */ = {
			isa = XCConfigurationList;
			buildConfigurations = (
				DCD319C828BA15A40044ABC2 /* Debug */,
				DCD319C928BA15A40044ABC2 /* Release */,
			);
			defaultConfigurationIsVisible = 0;
			defaultConfigurationName = Release;
		};
		DCD319CA28BA15A40044ABC2 /* Build configuration list for PBXNativeTarget "Instagram" */ = {
			isa = XCConfigurationList;
			buildConfigurations = (
				DCD319CB28BA15A40044ABC2 /* Debug */,
				DCD319CC28BA15A40044ABC2 /* Release */,
			);
			defaultConfigurationIsVisible = 0;
			defaultConfigurationName = Release;
		};
		DCD319CD28BA15A40044ABC2 /* Build configuration list for PBXNativeTarget "InstagramTests" */ = {
			isa = XCConfigurationList;
			buildConfigurations = (
				DCD319CE28BA15A40044ABC2 /* Debug */,
				DCD319CF28BA15A40044ABC2 /* Release */,
			);
			defaultConfigurationIsVisible = 0;
			defaultConfigurationName = Release;
		};
		DCD319D028BA15A40044ABC2 /* Build configuration list for PBXNativeTarget "InstagramUITests" */ = {
			isa = XCConfigurationList;
			buildConfigurations = (
				DCD319D128BA15A40044ABC2 /* Debug */,
				DCD319D228BA15A40044ABC2 /* Release */,
			);
			defaultConfigurationIsVisible = 0;
			defaultConfigurationName = Release;
		};
/* End XCConfigurationList section */
	};
	rootObject = DCD3199528BA15A30044ABC2 /* Project object */;
}
