// !$*UTF8*$!
{
	archiveVersion = 1;
	classes = {
	};
	objectVersion = 55;
	objects = {

/* Begin PBXBuildFile section */
		DC10177F2912313E008E8079 /* PostMenuView.swift in Sources */ = {isa = PBXBuildFile; fileRef = DC10177E2912313E008E8079 /* PostMenuView.swift */; };
		DC1935A528E55D1100979FE8 /* FilmLibraryViewController.swift in Sources */ = {isa = PBXBuildFile; fileRef = DC1935A428E55D1100979FE8 /* FilmLibraryViewController.swift */; };
		DC1935A728E5D1B100979FE8 /* ImageFilterView.swift in Sources */ = {isa = PBXBuildFile; fileRef = DC1935A628E5D1B100979FE8 /* ImageFilterView.swift */; };
		DC1C31F428D2DF720018F30D /* EditProfileTextView.swift in Sources */ = {isa = PBXBuildFile; fileRef = DC1C31F328D2DF720018F30D /* EditProfileTextView.swift */; };
		DC26D04B28F9492700C8013C /* RemoveMenuView.swift in Sources */ = {isa = PBXBuildFile; fileRef = DC26D04A28F9492700C8013C /* RemoveMenuView.swift */; };
		DC26D04D28F950F900C8013C /* RemoveConfirmHeaderTableReusableView.swift in Sources */ = {isa = PBXBuildFile; fileRef = DC26D04C28F950F900C8013C /* RemoveConfirmHeaderTableReusableView.swift */; };
		DC2C521828E6C1B700C4C987 /* PostUploadViewController.swift in Sources */ = {isa = PBXBuildFile; fileRef = DC2C521728E6C1B700C4C987 /* PostUploadViewController.swift */; };
		DC3424E828D08834004E6587 /* EditProfileViewController.swift in Sources */ = {isa = PBXBuildFile; fileRef = DC3424E728D08834004E6587 /* EditProfileViewController.swift */; };
		DC42D85D28D811FF005105AB /* ExploreViewController.swift in Sources */ = {isa = PBXBuildFile; fileRef = DC42D85C28D811FF005105AB /* ExploreViewController.swift */; };
		DC42D85F28D8123B005105AB /* NotificationViewController.swift in Sources */ = {isa = PBXBuildFile; fileRef = DC42D85E28D8123B005105AB /* NotificationViewController.swift */; };
		DC42D86128D81259005105AB /* FilmViewController.swift in Sources */ = {isa = PBXBuildFile; fileRef = DC42D86028D81259005105AB /* FilmViewController.swift */; };
		DC4709C528C6C551007B915A /* DatabaseManager.swift in Sources */ = {isa = PBXBuildFile; fileRef = DC4709C428C6C551007B915A /* DatabaseManager.swift */; };
		DC4709C728C7784F007B915A /* MailManager.swift in Sources */ = {isa = PBXBuildFile; fileRef = DC4709C628C7784F007B915A /* MailManager.swift */; };
		DC5946C628F7A32300545A2D /* UnfollowMenuView.swift in Sources */ = {isa = PBXBuildFile; fileRef = DC5946C528F7A32300545A2D /* UnfollowMenuView.swift */; };
		DC5946C928F7AEC700545A2D /* UnfollowConfirmHeaderTableReusableView.swift in Sources */ = {isa = PBXBuildFile; fileRef = DC5946C828F7AEC700545A2D /* UnfollowConfirmHeaderTableReusableView.swift */; };
		DC59C58428C59B24005A3DB7 /* Extensions.swift in Sources */ = {isa = PBXBuildFile; fileRef = DC59C58328C59B24005A3DB7 /* Extensions.swift */; };
		DC59C58628C5BD05005A3DB7 /* RegisterViewController.swift in Sources */ = {isa = PBXBuildFile; fileRef = DC59C58528C5BD05005A3DB7 /* RegisterViewController.swift */; };
		DC5DECCB28E29BF100ACF744 /* AddProfileImageMenuView.swift in Sources */ = {isa = PBXBuildFile; fileRef = DC5DECCA28E29BF100ACF744 /* AddProfileImageMenuView.swift */; };
		DC609F5828EBE98500BBCEC9 /* PeopleTableViewCell.swift in Sources */ = {isa = PBXBuildFile; fileRef = DC609F5728EBE98500BBCEC9 /* PeopleTableViewCell.swift */; };
		DC657B6F28CF9F2100154779 /* ProfileViewController.swift in Sources */ = {isa = PBXBuildFile; fileRef = DC657B6E28CF9F2100154779 /* ProfileViewController.swift */; };
		DC657B7228CF9F9300154779 /* SettingViewController.swift in Sources */ = {isa = PBXBuildFile; fileRef = DC657B7128CF9F9300154779 /* SettingViewController.swift */; };
		DC6F40E928F7F6BC004D5CCD /* SearchResultView.swift in Sources */ = {isa = PBXBuildFile; fileRef = DC6F40E828F7F6BC004D5CCD /* SearchResultView.swift */; };
		DC70D2BB290A416E000C9AB4 /* AllCommentsViewController.swift in Sources */ = {isa = PBXBuildFile; fileRef = DC70D2BA290A416E000C9AB4 /* AllCommentsViewController.swift */; };
		DC70D2BE290A6955000C9AB4 /* CommentMentionHashTagSearchView.swift in Sources */ = {isa = PBXBuildFile; fileRef = DC70D2BD290A6955000C9AB4 /* CommentMentionHashTagSearchView.swift */; };
		DC70D2C0290A7C1A000C9AB4 /* TextLabelCollectionViewCell.swift in Sources */ = {isa = PBXBuildFile; fileRef = DC70D2BF290A7C1A000C9AB4 /* TextLabelCollectionViewCell.swift */; };
		DC838A2628D598CA00A09F03 /* CameraViewController.swift in Sources */ = {isa = PBXBuildFile; fileRef = DC838A2528D598CA00A09F03 /* CameraViewController.swift */; };
		DC8513E928D14EA900EBB63A /* EditProfileNameViewController.swift in Sources */ = {isa = PBXBuildFile; fileRef = DC8513E828D14EA900EBB63A /* EditProfileNameViewController.swift */; };
		DC8513EB28D15C2900EBB63A /* EditProfileUsernameViewController.swift in Sources */ = {isa = PBXBuildFile; fileRef = DC8513EA28D15C2900EBB63A /* EditProfileUsernameViewController.swift */; };
		DC8513ED28D15F7100EBB63A /* EditProfileBioViewController.swift in Sources */ = {isa = PBXBuildFile; fileRef = DC8513EC28D15F7100EBB63A /* EditProfileBioViewController.swift */; };
		DC8513F128D1B9CB00EBB63A /* EditProfileImageMenuView.swift in Sources */ = {isa = PBXBuildFile; fileRef = DC8513F028D1B9CB00EBB63A /* EditProfileImageMenuView.swift */; };
		DC87150E28FC0A1F00EC275F /* MentionHashTagSearchResultView.swift in Sources */ = {isa = PBXBuildFile; fileRef = DC87150D28FC0A1F00EC275F /* MentionHashTagSearchResultView.swift */; };
		DC8A802028F2A60A00899356 /* TheOtherProfileInfoHeaderCollectionReusableView.swift in Sources */ = {isa = PBXBuildFile; fileRef = DC8A801F28F2A60A00899356 /* TheOtherProfileInfoHeaderCollectionReusableView.swift */; };
		DC8AF8D728E1488A0036AAC3 /* PhotoDetailViewController.swift in Sources */ = {isa = PBXBuildFile; fileRef = DC8AF8D628E1488A0036AAC3 /* PhotoDetailViewController.swift */; };
		DC8FEDC2290C30440085BBB3 /* PostListViewController.swift in Sources */ = {isa = PBXBuildFile; fileRef = DC8FEDC1290C30440085BBB3 /* PostListViewController.swift */; };
		DC992B7D290E49A400EA20FE /* HashtagDisplayViewController.swift in Sources */ = {isa = PBXBuildFile; fileRef = DC992B7C290E49A400EA20FE /* HashtagDisplayViewController.swift */; };
		DCAE28912906C1A300FCC04B /* CommentTableViewCell.swift in Sources */ = {isa = PBXBuildFile; fileRef = DCAE28902906C1A300FCC04B /* CommentTableViewCell.swift */; };
		DCAE689628FEB27300CD771B /* InputAlertView.swift in Sources */ = {isa = PBXBuildFile; fileRef = DCAE689528FEB27300CD771B /* InputAlertView.swift */; };
		DCB95B1629065A2A00A0C108 /* CommentViewController.swift in Sources */ = {isa = PBXBuildFile; fileRef = DCB95B1529065A2A00A0C108 /* CommentViewController.swift */; };
		DCBC378C28D718C70053A254 /* StorageManager.swift in Sources */ = {isa = PBXBuildFile; fileRef = DCBC378B28D718C70053A254 /* StorageManager.swift */; };
		DCC559A728EAB81A00A4EEE4 /* TagPeopleViewController.swift in Sources */ = {isa = PBXBuildFile; fileRef = DCC559A628EAB81A00A4EEE4 /* TagPeopleViewController.swift */; };
		DCDAC28628C4C32000F9B418 /* AuthManager.swift in Sources */ = {isa = PBXBuildFile; fileRef = DCDAC28528C4C32000F9B418 /* AuthManager.swift */; };
		DCDAC28C28C4C5CF00F9B418 /* SignInViewController.swift in Sources */ = {isa = PBXBuildFile; fileRef = DCDAC28B28C4C5CF00F9B418 /* SignInViewController.swift */; };
		DCDF456C28C488D300253B35 /* AppDelegate.swift in Sources */ = {isa = PBXBuildFile; fileRef = DCDF456B28C488D300253B35 /* AppDelegate.swift */; };
		DCDF456E28C488D300253B35 /* SceneDelegate.swift in Sources */ = {isa = PBXBuildFile; fileRef = DCDF456D28C488D300253B35 /* SceneDelegate.swift */; };
		DCDF457028C488D300253B35 /* HomeViewController.swift in Sources */ = {isa = PBXBuildFile; fileRef = DCDF456F28C488D300253B35 /* HomeViewController.swift */; };
		DCDF457328C488D300253B35 /* Main.storyboard in Resources */ = {isa = PBXBuildFile; fileRef = DCDF457128C488D300253B35 /* Main.storyboard */; };
		DCDF457528C488D300253B35 /* Assets.xcassets in Resources */ = {isa = PBXBuildFile; fileRef = DCDF457428C488D300253B35 /* Assets.xcassets */; };
		DCDF457828C488D300253B35 /* LaunchScreen.storyboard in Resources */ = {isa = PBXBuildFile; fileRef = DCDF457628C488D300253B35 /* LaunchScreen.storyboard */; };
		DCDF458328C488D300253B35 /* Instagram_cloneTests.swift in Sources */ = {isa = PBXBuildFile; fileRef = DCDF458228C488D300253B35 /* Instagram_cloneTests.swift */; };
		DCDF458D28C488D300253B35 /* Instagram_cloneUITests.swift in Sources */ = {isa = PBXBuildFile; fileRef = DCDF458C28C488D300253B35 /* Instagram_cloneUITests.swift */; };
		DCDF458F28C488D300253B35 /* Instagram_cloneUITestsLaunchTests.swift in Sources */ = {isa = PBXBuildFile; fileRef = DCDF458E28C488D300253B35 /* Instagram_cloneUITestsLaunchTests.swift */; };
		DCDF45A028C48A3800253B35 /* Models.swift in Sources */ = {isa = PBXBuildFile; fileRef = DCDF459F28C48A3800253B35 /* Models.swift */; };
		DCE5591B28F56A0700BF80D3 /* FollowViewController.swift in Sources */ = {isa = PBXBuildFile; fileRef = DCE5591A28F56A0700BF80D3 /* FollowViewController.swift */; };
		DCEA66C628EE9F5F00AFF2BE /* PostHeaderTableViewCell.swift in Sources */ = {isa = PBXBuildFile; fileRef = DCEA66C528EE9F5F00AFF2BE /* PostHeaderTableViewCell.swift */; };
		DCEA66C828EE9F7600AFF2BE /* PostTableViewCell.swift in Sources */ = {isa = PBXBuildFile; fileRef = DCEA66C728EE9F7600AFF2BE /* PostTableViewCell.swift */; };
		DCEA66CA28EE9F8E00AFF2BE /* PostActionTableViewCell.swift in Sources */ = {isa = PBXBuildFile; fileRef = DCEA66C928EE9F8E00AFF2BE /* PostActionTableViewCell.swift */; };
		DCEA66CC28EE9FF100AFF2BE /* PostTextTableViewCell.swift in Sources */ = {isa = PBXBuildFile; fileRef = DCEA66CB28EE9FF100AFF2BE /* PostTextTableViewCell.swift */; };
		DCF80AC928D0509600135444 /* ProfileInfoHeaderCollectionReusableView.swift in Sources */ = {isa = PBXBuildFile; fileRef = DCF80AC828D0509600135444 /* ProfileInfoHeaderCollectionReusableView.swift */; };
		DCF80ACB28D0677F00135444 /* ProfileTabsCollectionReusableView.swift in Sources */ = {isa = PBXBuildFile; fileRef = DCF80ACA28D0677F00135444 /* ProfileTabsCollectionReusableView.swift */; };
		DCF80ACE28D0684B00135444 /* PhotoCollectionViewCell.swift in Sources */ = {isa = PBXBuildFile; fileRef = DCF80ACD28D0684B00135444 /* PhotoCollectionViewCell.swift */; };
/* End PBXBuildFile section */

/* Begin PBXContainerItemProxy section */
		DCDF457F28C488D300253B35 /* PBXContainerItemProxy */ = {
			isa = PBXContainerItemProxy;
			containerPortal = DCDF456028C488D300253B35 /* Project object */;
			proxyType = 1;
			remoteGlobalIDString = DCDF456728C488D300253B35;
			remoteInfo = Instagram_clone;
		};
		DCDF458928C488D300253B35 /* PBXContainerItemProxy */ = {
			isa = PBXContainerItemProxy;
			containerPortal = DCDF456028C488D300253B35 /* Project object */;
			proxyType = 1;
			remoteGlobalIDString = DCDF456728C488D300253B35;
			remoteInfo = Instagram_clone;
		};
/* End PBXContainerItemProxy section */

/* Begin PBXFileReference section */
		39453AD0735F115E64FB0480 /* Pods-Instagram_clone.release.xcconfig */ = {isa = PBXFileReference; includeInIndex = 1; lastKnownFileType = text.xcconfig; name = "Pods-Instagram_clone.release.xcconfig"; path = "Target Support Files/Pods-Instagram_clone/Pods-Instagram_clone.release.xcconfig"; sourceTree = "<group>"; };
		73B707ED57DF8DAF5B982EBA /* Pods_Instagram_clone.framework */ = {isa = PBXFileReference; explicitFileType = wrapper.framework; includeInIndex = 0; path = Pods_Instagram_clone.framework; sourceTree = BUILT_PRODUCTS_DIR; };
		D86831B34BBF0B8A900A4E84 /* Pods-Instagram_clone.debug.xcconfig */ = {isa = PBXFileReference; includeInIndex = 1; lastKnownFileType = text.xcconfig; name = "Pods-Instagram_clone.debug.xcconfig"; path = "Target Support Files/Pods-Instagram_clone/Pods-Instagram_clone.debug.xcconfig"; sourceTree = "<group>"; };
		DC10177E2912313E008E8079 /* PostMenuView.swift */ = {isa = PBXFileReference; lastKnownFileType = sourcecode.swift; path = PostMenuView.swift; sourceTree = "<group>"; };
		DC1935A428E55D1100979FE8 /* FilmLibraryViewController.swift */ = {isa = PBXFileReference; lastKnownFileType = sourcecode.swift; path = FilmLibraryViewController.swift; sourceTree = "<group>"; };
		DC1935A628E5D1B100979FE8 /* ImageFilterView.swift */ = {isa = PBXFileReference; lastKnownFileType = sourcecode.swift; path = ImageFilterView.swift; sourceTree = "<group>"; };
		DC1C31F328D2DF720018F30D /* EditProfileTextView.swift */ = {isa = PBXFileReference; lastKnownFileType = sourcecode.swift; path = EditProfileTextView.swift; sourceTree = "<group>"; };
		DC26D04A28F9492700C8013C /* RemoveMenuView.swift */ = {isa = PBXFileReference; lastKnownFileType = sourcecode.swift; path = RemoveMenuView.swift; sourceTree = "<group>"; };
		DC26D04C28F950F900C8013C /* RemoveConfirmHeaderTableReusableView.swift */ = {isa = PBXFileReference; lastKnownFileType = sourcecode.swift; path = RemoveConfirmHeaderTableReusableView.swift; sourceTree = "<group>"; };
		DC2C521728E6C1B700C4C987 /* PostUploadViewController.swift */ = {isa = PBXFileReference; lastKnownFileType = sourcecode.swift; path = PostUploadViewController.swift; sourceTree = "<group>"; };
		DC3424E728D08834004E6587 /* EditProfileViewController.swift */ = {isa = PBXFileReference; lastKnownFileType = sourcecode.swift; path = EditProfileViewController.swift; sourceTree = "<group>"; };
		DC42D85C28D811FF005105AB /* ExploreViewController.swift */ = {isa = PBXFileReference; lastKnownFileType = sourcecode.swift; path = ExploreViewController.swift; sourceTree = "<group>"; };
		DC42D85E28D8123B005105AB /* NotificationViewController.swift */ = {isa = PBXFileReference; lastKnownFileType = sourcecode.swift; path = NotificationViewController.swift; sourceTree = "<group>"; };
		DC42D86028D81259005105AB /* FilmViewController.swift */ = {isa = PBXFileReference; lastKnownFileType = sourcecode.swift; path = FilmViewController.swift; sourceTree = "<group>"; };
		DC4709C428C6C551007B915A /* DatabaseManager.swift */ = {isa = PBXFileReference; lastKnownFileType = sourcecode.swift; path = DatabaseManager.swift; sourceTree = "<group>"; };
		DC4709C628C7784F007B915A /* MailManager.swift */ = {isa = PBXFileReference; lastKnownFileType = sourcecode.swift; path = MailManager.swift; sourceTree = "<group>"; };
		DC5946C528F7A32300545A2D /* UnfollowMenuView.swift */ = {isa = PBXFileReference; lastKnownFileType = sourcecode.swift; path = UnfollowMenuView.swift; sourceTree = "<group>"; };
		DC5946C828F7AEC700545A2D /* UnfollowConfirmHeaderTableReusableView.swift */ = {isa = PBXFileReference; lastKnownFileType = sourcecode.swift; path = UnfollowConfirmHeaderTableReusableView.swift; sourceTree = "<group>"; };
		DC59C58328C59B24005A3DB7 /* Extensions.swift */ = {isa = PBXFileReference; lastKnownFileType = sourcecode.swift; path = Extensions.swift; sourceTree = "<group>"; };
		DC59C58528C5BD05005A3DB7 /* RegisterViewController.swift */ = {isa = PBXFileReference; lastKnownFileType = sourcecode.swift; path = RegisterViewController.swift; sourceTree = "<group>"; };
		DC5DECCA28E29BF100ACF744 /* AddProfileImageMenuView.swift */ = {isa = PBXFileReference; lastKnownFileType = sourcecode.swift; path = AddProfileImageMenuView.swift; sourceTree = "<group>"; };
		DC609F5728EBE98500BBCEC9 /* PeopleTableViewCell.swift */ = {isa = PBXFileReference; lastKnownFileType = sourcecode.swift; path = PeopleTableViewCell.swift; sourceTree = "<group>"; };
		DC657B6E28CF9F2100154779 /* ProfileViewController.swift */ = {isa = PBXFileReference; lastKnownFileType = sourcecode.swift; path = ProfileViewController.swift; sourceTree = "<group>"; };
		DC657B7128CF9F9300154779 /* SettingViewController.swift */ = {isa = PBXFileReference; lastKnownFileType = sourcecode.swift; path = SettingViewController.swift; sourceTree = "<group>"; };
		DC6F40E828F7F6BC004D5CCD /* SearchResultView.swift */ = {isa = PBXFileReference; lastKnownFileType = sourcecode.swift; path = SearchResultView.swift; sourceTree = "<group>"; };
		DC70D2BA290A416E000C9AB4 /* AllCommentsViewController.swift */ = {isa = PBXFileReference; lastKnownFileType = sourcecode.swift; path = AllCommentsViewController.swift; sourceTree = "<group>"; };
		DC70D2BD290A6955000C9AB4 /* CommentMentionHashTagSearchView.swift */ = {isa = PBXFileReference; lastKnownFileType = sourcecode.swift; path = CommentMentionHashTagSearchView.swift; sourceTree = "<group>"; };
		DC70D2BF290A7C1A000C9AB4 /* TextLabelCollectionViewCell.swift */ = {isa = PBXFileReference; lastKnownFileType = sourcecode.swift; path = TextLabelCollectionViewCell.swift; sourceTree = "<group>"; };
		DC838A2528D598CA00A09F03 /* CameraViewController.swift */ = {isa = PBXFileReference; lastKnownFileType = sourcecode.swift; path = CameraViewController.swift; sourceTree = "<group>"; };
		DC8513E828D14EA900EBB63A /* EditProfileNameViewController.swift */ = {isa = PBXFileReference; lastKnownFileType = sourcecode.swift; path = EditProfileNameViewController.swift; sourceTree = "<group>"; };
		DC8513EA28D15C2900EBB63A /* EditProfileUsernameViewController.swift */ = {isa = PBXFileReference; lastKnownFileType = sourcecode.swift; path = EditProfileUsernameViewController.swift; sourceTree = "<group>"; };
		DC8513EC28D15F7100EBB63A /* EditProfileBioViewController.swift */ = {isa = PBXFileReference; lastKnownFileType = sourcecode.swift; path = EditProfileBioViewController.swift; sourceTree = "<group>"; };
		DC8513F028D1B9CB00EBB63A /* EditProfileImageMenuView.swift */ = {isa = PBXFileReference; lastKnownFileType = sourcecode.swift; path = EditProfileImageMenuView.swift; sourceTree = "<group>"; };
		DC87150D28FC0A1F00EC275F /* MentionHashTagSearchResultView.swift */ = {isa = PBXFileReference; lastKnownFileType = sourcecode.swift; path = MentionHashTagSearchResultView.swift; sourceTree = "<group>"; };
		DC8A801F28F2A60A00899356 /* TheOtherProfileInfoHeaderCollectionReusableView.swift */ = {isa = PBXFileReference; lastKnownFileType = sourcecode.swift; path = TheOtherProfileInfoHeaderCollectionReusableView.swift; sourceTree = "<group>"; };
		DC8AF8D628E1488A0036AAC3 /* PhotoDetailViewController.swift */ = {isa = PBXFileReference; lastKnownFileType = sourcecode.swift; path = PhotoDetailViewController.swift; sourceTree = "<group>"; };
		DC8FEDC1290C30440085BBB3 /* PostListViewController.swift */ = {isa = PBXFileReference; lastKnownFileType = sourcecode.swift; path = PostListViewController.swift; sourceTree = "<group>"; };
		DC992B7C290E49A400EA20FE /* HashtagDisplayViewController.swift */ = {isa = PBXFileReference; lastKnownFileType = sourcecode.swift; path = HashtagDisplayViewController.swift; sourceTree = "<group>"; };
		DCAE28902906C1A300FCC04B /* CommentTableViewCell.swift */ = {isa = PBXFileReference; lastKnownFileType = sourcecode.swift; path = CommentTableViewCell.swift; sourceTree = "<group>"; };
		DCAE689528FEB27300CD771B /* InputAlertView.swift */ = {isa = PBXFileReference; lastKnownFileType = sourcecode.swift; path = InputAlertView.swift; sourceTree = "<group>"; };
		DCB95B1529065A2A00A0C108 /* CommentViewController.swift */ = {isa = PBXFileReference; lastKnownFileType = sourcecode.swift; path = CommentViewController.swift; sourceTree = "<group>"; };
		DCBC378B28D718C70053A254 /* StorageManager.swift */ = {isa = PBXFileReference; lastKnownFileType = sourcecode.swift; path = StorageManager.swift; sourceTree = "<group>"; };
		DCC559A628EAB81A00A4EEE4 /* TagPeopleViewController.swift */ = {isa = PBXFileReference; lastKnownFileType = sourcecode.swift; path = TagPeopleViewController.swift; sourceTree = "<group>"; };
		DCDAC28528C4C32000F9B418 /* AuthManager.swift */ = {isa = PBXFileReference; lastKnownFileType = sourcecode.swift; path = AuthManager.swift; sourceTree = "<group>"; };
		DCDAC28B28C4C5CF00F9B418 /* SignInViewController.swift */ = {isa = PBXFileReference; lastKnownFileType = sourcecode.swift; path = SignInViewController.swift; sourceTree = "<group>"; };
		DCDF456828C488D300253B35 /* Instagram_clone.app */ = {isa = PBXFileReference; explicitFileType = wrapper.application; includeInIndex = 0; path = Instagram_clone.app; sourceTree = BUILT_PRODUCTS_DIR; };
		DCDF456B28C488D300253B35 /* AppDelegate.swift */ = {isa = PBXFileReference; lastKnownFileType = sourcecode.swift; path = AppDelegate.swift; sourceTree = "<group>"; };
		DCDF456D28C488D300253B35 /* SceneDelegate.swift */ = {isa = PBXFileReference; lastKnownFileType = sourcecode.swift; path = SceneDelegate.swift; sourceTree = "<group>"; };
		DCDF456F28C488D300253B35 /* HomeViewController.swift */ = {isa = PBXFileReference; lastKnownFileType = sourcecode.swift; path = HomeViewController.swift; sourceTree = "<group>"; };
		DCDF457228C488D300253B35 /* Base */ = {isa = PBXFileReference; lastKnownFileType = file.storyboard; name = Base; path = Base.lproj/Main.storyboard; sourceTree = "<group>"; };
		DCDF457428C488D300253B35 /* Assets.xcassets */ = {isa = PBXFileReference; lastKnownFileType = folder.assetcatalog; path = Assets.xcassets; sourceTree = "<group>"; };
		DCDF457728C488D300253B35 /* Base */ = {isa = PBXFileReference; lastKnownFileType = file.storyboard; name = Base; path = Base.lproj/LaunchScreen.storyboard; sourceTree = "<group>"; };
		DCDF457928C488D300253B35 /* Info.plist */ = {isa = PBXFileReference; lastKnownFileType = text.plist.xml; path = Info.plist; sourceTree = "<group>"; };
		DCDF457E28C488D300253B35 /* Instagram_cloneTests.xctest */ = {isa = PBXFileReference; explicitFileType = wrapper.cfbundle; includeInIndex = 0; path = Instagram_cloneTests.xctest; sourceTree = BUILT_PRODUCTS_DIR; };
		DCDF458228C488D300253B35 /* Instagram_cloneTests.swift */ = {isa = PBXFileReference; lastKnownFileType = sourcecode.swift; path = Instagram_cloneTests.swift; sourceTree = "<group>"; };
		DCDF458828C488D300253B35 /* Instagram_cloneUITests.xctest */ = {isa = PBXFileReference; explicitFileType = wrapper.cfbundle; includeInIndex = 0; path = Instagram_cloneUITests.xctest; sourceTree = BUILT_PRODUCTS_DIR; };
		DCDF458C28C488D300253B35 /* Instagram_cloneUITests.swift */ = {isa = PBXFileReference; lastKnownFileType = sourcecode.swift; path = Instagram_cloneUITests.swift; sourceTree = "<group>"; };
		DCDF458E28C488D300253B35 /* Instagram_cloneUITestsLaunchTests.swift */ = {isa = PBXFileReference; lastKnownFileType = sourcecode.swift; path = Instagram_cloneUITestsLaunchTests.swift; sourceTree = "<group>"; };
		DCDF459F28C48A3800253B35 /* Models.swift */ = {isa = PBXFileReference; lastKnownFileType = sourcecode.swift; path = Models.swift; sourceTree = "<group>"; };
		DCE5591A28F56A0700BF80D3 /* FollowViewController.swift */ = {isa = PBXFileReference; lastKnownFileType = sourcecode.swift; path = FollowViewController.swift; sourceTree = "<group>"; };
		DCEA66C528EE9F5F00AFF2BE /* PostHeaderTableViewCell.swift */ = {isa = PBXFileReference; lastKnownFileType = sourcecode.swift; path = PostHeaderTableViewCell.swift; sourceTree = "<group>"; };
		DCEA66C728EE9F7600AFF2BE /* PostTableViewCell.swift */ = {isa = PBXFileReference; lastKnownFileType = sourcecode.swift; path = PostTableViewCell.swift; sourceTree = "<group>"; };
		DCEA66C928EE9F8E00AFF2BE /* PostActionTableViewCell.swift */ = {isa = PBXFileReference; lastKnownFileType = sourcecode.swift; path = PostActionTableViewCell.swift; sourceTree = "<group>"; };
		DCEA66CB28EE9FF100AFF2BE /* PostTextTableViewCell.swift */ = {isa = PBXFileReference; lastKnownFileType = sourcecode.swift; path = PostTextTableViewCell.swift; sourceTree = "<group>"; };
		DCF80AC828D0509600135444 /* ProfileInfoHeaderCollectionReusableView.swift */ = {isa = PBXFileReference; lastKnownFileType = sourcecode.swift; path = ProfileInfoHeaderCollectionReusableView.swift; sourceTree = "<group>"; };
		DCF80ACA28D0677F00135444 /* ProfileTabsCollectionReusableView.swift */ = {isa = PBXFileReference; lastKnownFileType = sourcecode.swift; path = ProfileTabsCollectionReusableView.swift; sourceTree = "<group>"; };
		DCF80ACD28D0684B00135444 /* PhotoCollectionViewCell.swift */ = {isa = PBXFileReference; lastKnownFileType = sourcecode.swift; path = PhotoCollectionViewCell.swift; sourceTree = "<group>"; };
/* End PBXFileReference section */

/* Begin PBXFrameworksBuildPhase section */
		DCDF456528C488D300253B35 /* Frameworks */ = {
			isa = PBXFrameworksBuildPhase;
			buildActionMask = 2147483647;
			files = (
			);
			runOnlyForDeploymentPostprocessing = 0;
		};
		DCDF457B28C488D300253B35 /* Frameworks */ = {
			isa = PBXFrameworksBuildPhase;
			buildActionMask = 2147483647;
			files = (
			);
			runOnlyForDeploymentPostprocessing = 0;
		};
		DCDF458528C488D300253B35 /* Frameworks */ = {
			isa = PBXFrameworksBuildPhase;
			buildActionMask = 2147483647;
			files = (
			);
			runOnlyForDeploymentPostprocessing = 0;
		};
/* End PBXFrameworksBuildPhase section */

/* Begin PBXGroup section */
		1497FC5E73092B03C6FA9BAA /* Frameworks */ = {
			isa = PBXGroup;
			children = (
				73B707ED57DF8DAF5B982EBA /* Pods_Instagram_clone.framework */,
			);
			name = Frameworks;
			sourceTree = "<group>";
		};
		A316FC5CCAF691AA37523CE8 /* Pods */ = {
			isa = PBXGroup;
			children = (
				D86831B34BBF0B8A900A4E84 /* Pods-Instagram_clone.debug.xcconfig */,
				39453AD0735F115E64FB0480 /* Pods-Instagram_clone.release.xcconfig */,
			);
			path = Pods;
			sourceTree = "<group>";
		};
		DC1935A228E55C1500979FE8 /* ProfileVC */ = {
			isa = PBXGroup;
			children = (
				DC657B7128CF9F9300154779 /* SettingViewController.swift */,
				DC8FEDC1290C30440085BBB3 /* PostListViewController.swift */,
				DCE5591A28F56A0700BF80D3 /* FollowViewController.swift */,
				DC838A2528D598CA00A09F03 /* CameraViewController.swift */,
				DC8AF8D628E1488A0036AAC3 /* PhotoDetailViewController.swift */,
				DC3424E728D08834004E6587 /* EditProfileViewController.swift */,
				DC8513E828D14EA900EBB63A /* EditProfileNameViewController.swift */,
				DC8513EC28D15F7100EBB63A /* EditProfileBioViewController.swift */,
				DC8513EA28D15C2900EBB63A /* EditProfileUsernameViewController.swift */,
			);
			path = ProfileVC;
			sourceTree = "<group>";
		};
		DC1935A328E55C6700979FE8 /* FilmVC */ = {
			isa = PBXGroup;
			children = (
				DC1935A428E55D1100979FE8 /* FilmLibraryViewController.swift */,
				DC2C521728E6C1B700C4C987 /* PostUploadViewController.swift */,
				DCC559A628EAB81A00A4EEE4 /* TagPeopleViewController.swift */,
			);
			path = FilmVC;
			sourceTree = "<group>";
		};
		DC5946C728F7ADEF00545A2D /* TableViewHeaders */ = {
			isa = PBXGroup;
			children = (
				DC5946C828F7AEC700545A2D /* UnfollowConfirmHeaderTableReusableView.swift */,
				DC26D04C28F950F900C8013C /* RemoveConfirmHeaderTableReusableView.swift */,
			);
			path = TableViewHeaders;
			sourceTree = "<group>";
		};
		DC657B7028CF9F7D00154779 /* General */ = {
			isa = PBXGroup;
			children = (
				DCB95B1429065A0700A0C108 /* HomeVC */,
				DC992B7B290E48CC00EA20FE /* ExploreVC */,
				DC1935A328E55C6700979FE8 /* FilmVC */,
				DC1935A228E55C1500979FE8 /* ProfileVC */,
			);
			path = General;
			sourceTree = "<group>";
		};
		DC70D2BC290A68CF000C9AB4 /* HomeView */ = {
			isa = PBXGroup;
			children = (
				DC70D2BD290A6955000C9AB4 /* CommentMentionHashTagSearchView.swift */,
				DC10177E2912313E008E8079 /* PostMenuView.swift */,
			);
			path = HomeView;
			sourceTree = "<group>";
		};
		DC992B7B290E48CC00EA20FE /* ExploreVC */ = {
			isa = PBXGroup;
			children = (
				DC992B7C290E49A400EA20FE /* HashtagDisplayViewController.swift */,
			);
			path = ExploreVC;
			sourceTree = "<group>";
		};
		DCB95B1429065A0700A0C108 /* HomeVC */ = {
			isa = PBXGroup;
			children = (
				DCB95B1529065A2A00A0C108 /* CommentViewController.swift */,
				DC70D2BA290A416E000C9AB4 /* AllCommentsViewController.swift */,
			);
			path = HomeVC;
			sourceTree = "<group>";
		};
		DCC559A228EAAF3300A4EEE4 /* ProfileView */ = {
			isa = PBXGroup;
			children = (
				DC6F40E828F7F6BC004D5CCD /* SearchResultView.swift */,
				DC5DECCA28E29BF100ACF744 /* AddProfileImageMenuView.swift */,
				DC1C31F328D2DF720018F30D /* EditProfileTextView.swift */,
				DC8513F028D1B9CB00EBB63A /* EditProfileImageMenuView.swift */,
				DC5946C528F7A32300545A2D /* UnfollowMenuView.swift */,
				DC26D04A28F9492700C8013C /* RemoveMenuView.swift */,
			);
			path = ProfileView;
			sourceTree = "<group>";
		};
		DCC559A328EAAF9E00A4EEE4 /* FilmView */ = {
			isa = PBXGroup;
			children = (
				DC1935A628E5D1B100979FE8 /* ImageFilterView.swift */,
				DC87150D28FC0A1F00EC275F /* MentionHashTagSearchResultView.swift */,
				DCAE689528FEB27300CD771B /* InputAlertView.swift */,
			);
			path = FilmView;
			sourceTree = "<group>";
		};
		DCDAC28728C4C51800F9B418 /* Others */ = {
			isa = PBXGroup;
			children = (
				DC657B7028CF9F7D00154779 /* General */,
				DCDAC28A28C4C5AA00F9B418 /* Onboarding */,
			);
			path = Others;
			sourceTree = "<group>";
		};
		DCDAC28928C4C52800F9B418 /* Core Tabs */ = {
			isa = PBXGroup;
			children = (
				DCDF456F28C488D300253B35 /* HomeViewController.swift */,
				DC42D85C28D811FF005105AB /* ExploreViewController.swift */,
				DC42D86028D81259005105AB /* FilmViewController.swift */,
				DC42D85E28D8123B005105AB /* NotificationViewController.swift */,
				DC657B6E28CF9F2100154779 /* ProfileViewController.swift */,
			);
			path = "Core Tabs";
			sourceTree = "<group>";
		};
		DCDAC28A28C4C5AA00F9B418 /* Onboarding */ = {
			isa = PBXGroup;
			children = (
				DCDAC28B28C4C5CF00F9B418 /* SignInViewController.swift */,
				DC59C58528C5BD05005A3DB7 /* RegisterViewController.swift */,
			);
			path = Onboarding;
			sourceTree = "<group>";
		};
		DCDF455F28C488D300253B35 = {
			isa = PBXGroup;
			children = (
				DCDF456A28C488D300253B35 /* Instagram_clone */,
				DCDF458128C488D300253B35 /* Instagram_cloneTests */,
				DCDF458B28C488D300253B35 /* Instagram_cloneUITests */,
				DCDF456928C488D300253B35 /* Products */,
				A316FC5CCAF691AA37523CE8 /* Pods */,
				1497FC5E73092B03C6FA9BAA /* Frameworks */,
			);
			sourceTree = "<group>";
		};
		DCDF456928C488D300253B35 /* Products */ = {
			isa = PBXGroup;
			children = (
				DCDF456828C488D300253B35 /* Instagram_clone.app */,
				DCDF457E28C488D300253B35 /* Instagram_cloneTests.xctest */,
				DCDF458828C488D300253B35 /* Instagram_cloneUITests.xctest */,
			);
			name = Products;
			sourceTree = "<group>";
		};
		DCDF456A28C488D300253B35 /* Instagram_clone */ = {
			isa = PBXGroup;
			children = (
				DCDF459E28C489A400253B35 /* Controllers */,
				DCDF459D28C4899300253B35 /* Views */,
				DCDF459C28C4898A00253B35 /* Models */,
				DCDF459B28C4897D00253B35 /* Resources */,
				DCDF457928C488D300253B35 /* Info.plist */,
			);
			path = Instagram_clone;
			sourceTree = "<group>";
		};
		DCDF458128C488D300253B35 /* Instagram_cloneTests */ = {
			isa = PBXGroup;
			children = (
				DCDF458228C488D300253B35 /* Instagram_cloneTests.swift */,
			);
			path = Instagram_cloneTests;
			sourceTree = "<group>";
		};
		DCDF458B28C488D300253B35 /* Instagram_cloneUITests */ = {
			isa = PBXGroup;
			children = (
				DCDF458C28C488D300253B35 /* Instagram_cloneUITests.swift */,
				DCDF458E28C488D300253B35 /* Instagram_cloneUITestsLaunchTests.swift */,
			);
			path = Instagram_cloneUITests;
			sourceTree = "<group>";
		};
		DCDF459B28C4897D00253B35 /* Resources */ = {
			isa = PBXGroup;
			children = (
				DCDF456D28C488D300253B35 /* SceneDelegate.swift */,
				DC59C58328C59B24005A3DB7 /* Extensions.swift */,
				DCDF456B28C488D300253B35 /* AppDelegate.swift */,
				DCDAC28528C4C32000F9B418 /* AuthManager.swift */,
				DC4709C428C6C551007B915A /* DatabaseManager.swift */,
				DCBC378B28D718C70053A254 /* StorageManager.swift */,
				DC4709C628C7784F007B915A /* MailManager.swift */,
			);
			path = Resources;
			sourceTree = "<group>";
		};
		DCDF459C28C4898A00253B35 /* Models */ = {
			isa = PBXGroup;
			children = (
				DCDF459F28C48A3800253B35 /* Models.swift */,
			);
			path = Models;
			sourceTree = "<group>";
		};
		DCDF459D28C4899300253B35 /* Views */ = {
			isa = PBXGroup;
			children = (
				DC5946C728F7ADEF00545A2D /* TableViewHeaders */,
				DC70D2BC290A68CF000C9AB4 /* HomeView */,
				DCC559A328EAAF9E00A4EEE4 /* FilmView */,
				DCC559A228EAAF3300A4EEE4 /* ProfileView */,
				DCF80ACC28D0682800135444 /* Cells */,
				DCF80AC728D04FD900135444 /* CollectionViewHeaders */,
				DCDF45A128C48A8600253B35 /* Storyboards */,
				DCDF457428C488D300253B35 /* Assets.xcassets */,
			);
			path = Views;
			sourceTree = "<group>";
		};
		DCDF459E28C489A400253B35 /* Controllers */ = {
			isa = PBXGroup;
			children = (
				DCDAC28928C4C52800F9B418 /* Core Tabs */,
				DCDAC28728C4C51800F9B418 /* Others */,
			);
			path = Controllers;
			sourceTree = "<group>";
		};
		DCDF45A128C48A8600253B35 /* Storyboards */ = {
			isa = PBXGroup;
			children = (
				DCDF457128C488D300253B35 /* Main.storyboard */,
				DCDF457628C488D300253B35 /* LaunchScreen.storyboard */,
			);
			path = Storyboards;
			sourceTree = "<group>";
		};
		DCEA66C428EE9C8F00AFF2BE /* Home&Post */ = {
			isa = PBXGroup;
			children = (
				DCEA66C528EE9F5F00AFF2BE /* PostHeaderTableViewCell.swift */,
				DCEA66C728EE9F7600AFF2BE /* PostTableViewCell.swift */,
				DCEA66C928EE9F8E00AFF2BE /* PostActionTableViewCell.swift */,
				DCEA66CB28EE9FF100AFF2BE /* PostTextTableViewCell.swift */,
			);
			path = "Home&Post";
			sourceTree = "<group>";
		};
		DCF80AC728D04FD900135444 /* CollectionViewHeaders */ = {
			isa = PBXGroup;
			children = (
				DCF80AC828D0509600135444 /* ProfileInfoHeaderCollectionReusableView.swift */,
				DC8A801F28F2A60A00899356 /* TheOtherProfileInfoHeaderCollectionReusableView.swift */,
				DCF80ACA28D0677F00135444 /* ProfileTabsCollectionReusableView.swift */,
			);
			path = CollectionViewHeaders;
			sourceTree = "<group>";
		};
		DCF80ACC28D0682800135444 /* Cells */ = {
			isa = PBXGroup;
			children = (
				DCEA66C428EE9C8F00AFF2BE /* Home&Post */,
				DCF80ACD28D0684B00135444 /* PhotoCollectionViewCell.swift */,
				DC609F5728EBE98500BBCEC9 /* PeopleTableViewCell.swift */,
				DCAE28902906C1A300FCC04B /* CommentTableViewCell.swift */,
				DC70D2BF290A7C1A000C9AB4 /* TextLabelCollectionViewCell.swift */,
			);
			path = Cells;
			sourceTree = "<group>";
		};
/* End PBXGroup section */

/* Begin PBXNativeTarget section */
		DCDF456728C488D300253B35 /* Instagram_clone */ = {
			isa = PBXNativeTarget;
			buildConfigurationList = DCDF459228C488D300253B35 /* Build configuration list for PBXNativeTarget "Instagram_clone" */;
			buildPhases = (
				DFCE2AB922902EF58E696059 /* [CP] Check Pods Manifest.lock */,
				DCDF456428C488D300253B35 /* Sources */,
				DCDF456528C488D300253B35 /* Frameworks */,
				DCDF456628C488D300253B35 /* Resources */,
				ACD0A58ABA1F251448948999 /* [CP] Copy Pods Resources */,
			);
			buildRules = (
			);
			dependencies = (
			);
			name = Instagram_clone;
			productName = Instagram_clone;
			productReference = DCDF456828C488D300253B35 /* Instagram_clone.app */;
			productType = "com.apple.product-type.application";
		};
		DCDF457D28C488D300253B35 /* Instagram_cloneTests */ = {
			isa = PBXNativeTarget;
			buildConfigurationList = DCDF459528C488D300253B35 /* Build configuration list for PBXNativeTarget "Instagram_cloneTests" */;
			buildPhases = (
				DCDF457A28C488D300253B35 /* Sources */,
				DCDF457B28C488D300253B35 /* Frameworks */,
				DCDF457C28C488D300253B35 /* Resources */,
			);
			buildRules = (
			);
			dependencies = (
				DCDF458028C488D300253B35 /* PBXTargetDependency */,
			);
			name = Instagram_cloneTests;
			productName = Instagram_cloneTests;
			productReference = DCDF457E28C488D300253B35 /* Instagram_cloneTests.xctest */;
			productType = "com.apple.product-type.bundle.unit-test";
		};
		DCDF458728C488D300253B35 /* Instagram_cloneUITests */ = {
			isa = PBXNativeTarget;
			buildConfigurationList = DCDF459828C488D300253B35 /* Build configuration list for PBXNativeTarget "Instagram_cloneUITests" */;
			buildPhases = (
				DCDF458428C488D300253B35 /* Sources */,
				DCDF458528C488D300253B35 /* Frameworks */,
				DCDF458628C488D300253B35 /* Resources */,
			);
			buildRules = (
			);
			dependencies = (
				DCDF458A28C488D300253B35 /* PBXTargetDependency */,
			);
			name = Instagram_cloneUITests;
			productName = Instagram_cloneUITests;
			productReference = DCDF458828C488D300253B35 /* Instagram_cloneUITests.xctest */;
			productType = "com.apple.product-type.bundle.ui-testing";
		};
/* End PBXNativeTarget section */

/* Begin PBXProject section */
		DCDF456028C488D300253B35 /* Project object */ = {
			isa = PBXProject;
			attributes = {
				BuildIndependentTargetsInParallel = 1;
				LastSwiftUpdateCheck = 1340;
				LastUpgradeCheck = 1340;
				TargetAttributes = {
					DCDF456728C488D300253B35 = {
						CreatedOnToolsVersion = 13.4.1;
					};
					DCDF457D28C488D300253B35 = {
						CreatedOnToolsVersion = 13.4.1;
						TestTargetID = DCDF456728C488D300253B35;
					};
					DCDF458728C488D300253B35 = {
						CreatedOnToolsVersion = 13.4.1;
						TestTargetID = DCDF456728C488D300253B35;
					};
				};
			};
			buildConfigurationList = DCDF456328C488D300253B35 /* Build configuration list for PBXProject "Instagram_clone" */;
			compatibilityVersion = "Xcode 13.0";
			developmentRegion = en;
			hasScannedForEncodings = 0;
			knownRegions = (
				en,
				Base,
			);
			mainGroup = DCDF455F28C488D300253B35;
			productRefGroup = DCDF456928C488D300253B35 /* Products */;
			projectDirPath = "";
			projectRoot = "";
			targets = (
				DCDF456728C488D300253B35 /* Instagram_clone */,
				DCDF457D28C488D300253B35 /* Instagram_cloneTests */,
				DCDF458728C488D300253B35 /* Instagram_cloneUITests */,
			);
		};
/* End PBXProject section */

/* Begin PBXResourcesBuildPhase section */
		DCDF456628C488D300253B35 /* Resources */ = {
			isa = PBXResourcesBuildPhase;
			buildActionMask = 2147483647;
			files = (
				DCDF457828C488D300253B35 /* LaunchScreen.storyboard in Resources */,
				DCDF457528C488D300253B35 /* Assets.xcassets in Resources */,
				DCDF457328C488D300253B35 /* Main.storyboard in Resources */,
			);
			runOnlyForDeploymentPostprocessing = 0;
		};
		DCDF457C28C488D300253B35 /* Resources */ = {
			isa = PBXResourcesBuildPhase;
			buildActionMask = 2147483647;
			files = (
			);
			runOnlyForDeploymentPostprocessing = 0;
		};
		DCDF458628C488D300253B35 /* Resources */ = {
			isa = PBXResourcesBuildPhase;
			buildActionMask = 2147483647;
			files = (
			);
			runOnlyForDeploymentPostprocessing = 0;
		};
/* End PBXResourcesBuildPhase section */

/* Begin PBXShellScriptBuildPhase section */
		ACD0A58ABA1F251448948999 /* [CP] Copy Pods Resources */ = {
			isa = PBXShellScriptBuildPhase;
			buildActionMask = 2147483647;
			files = (
			);
			inputFileListPaths = (
				"${PODS_ROOT}/Target Support Files/Pods-Instagram_clone/Pods-Instagram_clone-resources-${CONFIGURATION}-input-files.xcfilelist",
			);
			name = "[CP] Copy Pods Resources";
			outputFileListPaths = (
				"${PODS_ROOT}/Target Support Files/Pods-Instagram_clone/Pods-Instagram_clone-resources-${CONFIGURATION}-output-files.xcfilelist",
			);
			runOnlyForDeploymentPostprocessing = 0;
			shellPath = /bin/sh;
			shellScript = "\"${PODS_ROOT}/Target Support Files/Pods-Instagram_clone/Pods-Instagram_clone-resources.sh\"\n";
			showEnvVarsInLog = 0;
		};
		DFCE2AB922902EF58E696059 /* [CP] Check Pods Manifest.lock */ = {
			isa = PBXShellScriptBuildPhase;
			buildActionMask = 2147483647;
			files = (
			);
			inputFileListPaths = (
			);
			inputPaths = (
				"${PODS_PODFILE_DIR_PATH}/Podfile.lock",
				"${PODS_ROOT}/Manifest.lock",
			);
			name = "[CP] Check Pods Manifest.lock";
			outputFileListPaths = (
			);
			outputPaths = (
				"$(DERIVED_FILE_DIR)/Pods-Instagram_clone-checkManifestLockResult.txt",
			);
			runOnlyForDeploymentPostprocessing = 0;
			shellPath = /bin/sh;
			shellScript = "diff \"${PODS_PODFILE_DIR_PATH}/Podfile.lock\" \"${PODS_ROOT}/Manifest.lock\" > /dev/null\nif [ $? != 0 ] ; then\n    # print error to STDERR\n    echo \"error: The sandbox is not in sync with the Podfile.lock. Run 'pod install' or update your CocoaPods installation.\" >&2\n    exit 1\nfi\n# This output is used by Xcode 'outputs' to avoid re-running this script phase.\necho \"SUCCESS\" > \"${SCRIPT_OUTPUT_FILE_0}\"\n";
			showEnvVarsInLog = 0;
		};
/* End PBXShellScriptBuildPhase section */

/* Begin PBXSourcesBuildPhase section */
		DCDF456428C488D300253B35 /* Sources */ = {
			isa = PBXSourcesBuildPhase;
			buildActionMask = 2147483647;
			files = (
				DC3424E828D08834004E6587 /* EditProfileViewController.swift in Sources */,
				DC4709C728C7784F007B915A /* MailManager.swift in Sources */,
				DCDF457028C488D300253B35 /* HomeViewController.swift in Sources */,
				DCDF456C28C488D300253B35 /* AppDelegate.swift in Sources */,
				DC8513F128D1B9CB00EBB63A /* EditProfileImageMenuView.swift in Sources */,
				DC1935A528E55D1100979FE8 /* FilmLibraryViewController.swift in Sources */,
				DCDAC28C28C4C5CF00F9B418 /* SignInViewController.swift in Sources */,
				DCEA66C828EE9F7600AFF2BE /* PostTableViewCell.swift in Sources */,
				DC1C31F428D2DF720018F30D /* EditProfileTextView.swift in Sources */,
				DCEA66C628EE9F5F00AFF2BE /* PostHeaderTableViewCell.swift in Sources */,
				DC59C58628C5BD05005A3DB7 /* RegisterViewController.swift in Sources */,
				DCEA66CA28EE9F8E00AFF2BE /* PostActionTableViewCell.swift in Sources */,
				DCAE689628FEB27300CD771B /* InputAlertView.swift in Sources */,
				DC26D04B28F9492700C8013C /* RemoveMenuView.swift in Sources */,
				DCDF456E28C488D300253B35 /* SceneDelegate.swift in Sources */,
				DC8A802028F2A60A00899356 /* TheOtherProfileInfoHeaderCollectionReusableView.swift in Sources */,
				DC87150E28FC0A1F00EC275F /* MentionHashTagSearchResultView.swift in Sources */,
				DC8AF8D728E1488A0036AAC3 /* PhotoDetailViewController.swift in Sources */,
				DC657B6F28CF9F2100154779 /* ProfileViewController.swift in Sources */,
				DC42D85F28D8123B005105AB /* NotificationViewController.swift in Sources */,
				DCC559A728EAB81A00A4EEE4 /* TagPeopleViewController.swift in Sources */,
				DC8513ED28D15F7100EBB63A /* EditProfileBioViewController.swift in Sources */,
				DC838A2628D598CA00A09F03 /* CameraViewController.swift in Sources */,
				DC5946C928F7AEC700545A2D /* UnfollowConfirmHeaderTableReusableView.swift in Sources */,
				DCDF45A028C48A3800253B35 /* Models.swift in Sources */,
				DC6F40E928F7F6BC004D5CCD /* SearchResultView.swift in Sources */,
				DCDAC28628C4C32000F9B418 /* AuthManager.swift in Sources */,
				DC59C58428C59B24005A3DB7 /* Extensions.swift in Sources */,
				DC70D2BE290A6955000C9AB4 /* CommentMentionHashTagSearchView.swift in Sources */,
				DC8513E928D14EA900EBB63A /* EditProfileNameViewController.swift in Sources */,
				DCE5591B28F56A0700BF80D3 /* FollowViewController.swift in Sources */,
				DC609F5828EBE98500BBCEC9 /* PeopleTableViewCell.swift in Sources */,
				DC42D86128D81259005105AB /* FilmViewController.swift in Sources */,
				DC1935A728E5D1B100979FE8 /* ImageFilterView.swift in Sources */,
				DC4709C528C6C551007B915A /* DatabaseManager.swift in Sources */,
				DC10177F2912313E008E8079 /* PostMenuView.swift in Sources */,
				DCEA66CC28EE9FF100AFF2BE /* PostTextTableViewCell.swift in Sources */,
				DCF80ACE28D0684B00135444 /* PhotoCollectionViewCell.swift in Sources */,
				DC8513EB28D15C2900EBB63A /* EditProfileUsernameViewController.swift in Sources */,
				DCF80ACB28D0677F00135444 /* ProfileTabsCollectionReusableView.swift in Sources */,
				DC26D04D28F950F900C8013C /* RemoveConfirmHeaderTableReusableView.swift in Sources */,
				DC2C521828E6C1B700C4C987 /* PostUploadViewController.swift in Sources */,
				DC42D85D28D811FF005105AB /* ExploreViewController.swift in Sources */,
				DCB95B1629065A2A00A0C108 /* CommentViewController.swift in Sources */,
				DC657B7228CF9F9300154779 /* SettingViewController.swift in Sources */,
				DC992B7D290E49A400EA20FE /* HashtagDisplayViewController.swift in Sources */,
				DC8FEDC2290C30440085BBB3 /* PostListViewController.swift in Sources */,
				DCAE28912906C1A300FCC04B /* CommentTableViewCell.swift in Sources */,
				DC5DECCB28E29BF100ACF744 /* AddProfileImageMenuView.swift in Sources */,
				DCF80AC928D0509600135444 /* ProfileInfoHeaderCollectionReusableView.swift in Sources */,
				DC70D2BB290A416E000C9AB4 /* AllCommentsViewController.swift in Sources */,
				DC70D2C0290A7C1A000C9AB4 /* TextLabelCollectionViewCell.swift in Sources */,
				DCBC378C28D718C70053A254 /* StorageManager.swift in Sources */,
				DC5946C628F7A32300545A2D /* UnfollowMenuView.swift in Sources */,
			);
			runOnlyForDeploymentPostprocessing = 0;
		};
		DCDF457A28C488D300253B35 /* Sources */ = {
			isa = PBXSourcesBuildPhase;
			buildActionMask = 2147483647;
			files = (
				DCDF458328C488D300253B35 /* Instagram_cloneTests.swift in Sources */,
			);
			runOnlyForDeploymentPostprocessing = 0;
		};
		DCDF458428C488D300253B35 /* Sources */ = {
			isa = PBXSourcesBuildPhase;
			buildActionMask = 2147483647;
			files = (
				DCDF458D28C488D300253B35 /* Instagram_cloneUITests.swift in Sources */,
				DCDF458F28C488D300253B35 /* Instagram_cloneUITestsLaunchTests.swift in Sources */,
			);
			runOnlyForDeploymentPostprocessing = 0;
		};
/* End PBXSourcesBuildPhase section */

/* Begin PBXTargetDependency section */
		DCDF458028C488D300253B35 /* PBXTargetDependency */ = {
			isa = PBXTargetDependency;
			target = DCDF456728C488D300253B35 /* Instagram_clone */;
			targetProxy = DCDF457F28C488D300253B35 /* PBXContainerItemProxy */;
		};
		DCDF458A28C488D300253B35 /* PBXTargetDependency */ = {
			isa = PBXTargetDependency;
			target = DCDF456728C488D300253B35 /* Instagram_clone */;
			targetProxy = DCDF458928C488D300253B35 /* PBXContainerItemProxy */;
		};
/* End PBXTargetDependency section */

/* Begin PBXVariantGroup section */
		DCDF457128C488D300253B35 /* Main.storyboard */ = {
			isa = PBXVariantGroup;
			children = (
				DCDF457228C488D300253B35 /* Base */,
			);
			name = Main.storyboard;
			sourceTree = "<group>";
		};
		DCDF457628C488D300253B35 /* LaunchScreen.storyboard */ = {
			isa = PBXVariantGroup;
			children = (
				DCDF457728C488D300253B35 /* Base */,
			);
			name = LaunchScreen.storyboard;
			sourceTree = "<group>";
		};
/* End PBXVariantGroup section */

/* Begin XCBuildConfiguration section */
		DCDF459028C488D300253B35 /* Debug */ = {
			isa = XCBuildConfiguration;
			buildSettings = {
				ALWAYS_SEARCH_USER_PATHS = NO;
				CLANG_ANALYZER_NONNULL = YES;
				CLANG_ANALYZER_NUMBER_OBJECT_CONVERSION = YES_AGGRESSIVE;
				CLANG_CXX_LANGUAGE_STANDARD = "gnu++17";
				CLANG_ENABLE_MODULES = YES;
				CLANG_ENABLE_OBJC_ARC = YES;
				CLANG_ENABLE_OBJC_WEAK = YES;
				CLANG_WARN_BLOCK_CAPTURE_AUTORELEASING = YES;
				CLANG_WARN_BOOL_CONVERSION = YES;
				CLANG_WARN_COMMA = YES;
				CLANG_WARN_CONSTANT_CONVERSION = YES;
				CLANG_WARN_DEPRECATED_OBJC_IMPLEMENTATIONS = YES;
				CLANG_WARN_DIRECT_OBJC_ISA_USAGE = YES_ERROR;
				CLANG_WARN_DOCUMENTATION_COMMENTS = YES;
				CLANG_WARN_EMPTY_BODY = YES;
				CLANG_WARN_ENUM_CONVERSION = YES;
				CLANG_WARN_INFINITE_RECURSION = YES;
				CLANG_WARN_INT_CONVERSION = YES;
				CLANG_WARN_NON_LITERAL_NULL_CONVERSION = YES;
				CLANG_WARN_OBJC_IMPLICIT_RETAIN_SELF = YES;
				CLANG_WARN_OBJC_LITERAL_CONVERSION = YES;
				CLANG_WARN_OBJC_ROOT_CLASS = YES_ERROR;
				CLANG_WARN_QUOTED_INCLUDE_IN_FRAMEWORK_HEADER = YES;
				CLANG_WARN_RANGE_LOOP_ANALYSIS = YES;
				CLANG_WARN_STRICT_PROTOTYPES = YES;
				CLANG_WARN_SUSPICIOUS_MOVE = YES;
				CLANG_WARN_UNGUARDED_AVAILABILITY = YES_AGGRESSIVE;
				CLANG_WARN_UNREACHABLE_CODE = YES;
				CLANG_WARN__DUPLICATE_METHOD_MATCH = YES;
				COPY_PHASE_STRIP = NO;
				DEBUG_INFORMATION_FORMAT = dwarf;
				ENABLE_STRICT_OBJC_MSGSEND = YES;
				ENABLE_TESTABILITY = YES;
				GCC_C_LANGUAGE_STANDARD = gnu11;
				GCC_DYNAMIC_NO_PIC = NO;
				GCC_NO_COMMON_BLOCKS = YES;
				GCC_OPTIMIZATION_LEVEL = 0;
				GCC_PREPROCESSOR_DEFINITIONS = (
					"DEBUG=1",
					"$(inherited)",
				);
				GCC_WARN_64_TO_32_BIT_CONVERSION = YES;
				GCC_WARN_ABOUT_RETURN_TYPE = YES_ERROR;
				GCC_WARN_UNDECLARED_SELECTOR = YES;
				GCC_WARN_UNINITIALIZED_AUTOS = YES_AGGRESSIVE;
				GCC_WARN_UNUSED_FUNCTION = YES;
				GCC_WARN_UNUSED_VARIABLE = YES;
				IPHONEOS_DEPLOYMENT_TARGET = 15.5;
				MTL_ENABLE_DEBUG_INFO = INCLUDE_SOURCE;
				MTL_FAST_MATH = YES;
				ONLY_ACTIVE_ARCH = YES;
				SDKROOT = iphoneos;
				SWIFT_ACTIVE_COMPILATION_CONDITIONS = DEBUG;
				SWIFT_OPTIMIZATION_LEVEL = "-Onone";
			};
			name = Debug;
		};
		DCDF459128C488D300253B35 /* Release */ = {
			isa = XCBuildConfiguration;
			buildSettings = {
				ALWAYS_SEARCH_USER_PATHS = NO;
				CLANG_ANALYZER_NONNULL = YES;
				CLANG_ANALYZER_NUMBER_OBJECT_CONVERSION = YES_AGGRESSIVE;
				CLANG_CXX_LANGUAGE_STANDARD = "gnu++17";
				CLANG_ENABLE_MODULES = YES;
				CLANG_ENABLE_OBJC_ARC = YES;
				CLANG_ENABLE_OBJC_WEAK = YES;
				CLANG_WARN_BLOCK_CAPTURE_AUTORELEASING = YES;
				CLANG_WARN_BOOL_CONVERSION = YES;
				CLANG_WARN_COMMA = YES;
				CLANG_WARN_CONSTANT_CONVERSION = YES;
				CLANG_WARN_DEPRECATED_OBJC_IMPLEMENTATIONS = YES;
				CLANG_WARN_DIRECT_OBJC_ISA_USAGE = YES_ERROR;
				CLANG_WARN_DOCUMENTATION_COMMENTS = YES;
				CLANG_WARN_EMPTY_BODY = YES;
				CLANG_WARN_ENUM_CONVERSION = YES;
				CLANG_WARN_INFINITE_RECURSION = YES;
				CLANG_WARN_INT_CONVERSION = YES;
				CLANG_WARN_NON_LITERAL_NULL_CONVERSION = YES;
				CLANG_WARN_OBJC_IMPLICIT_RETAIN_SELF = YES;
				CLANG_WARN_OBJC_LITERAL_CONVERSION = YES;
				CLANG_WARN_OBJC_ROOT_CLASS = YES_ERROR;
				CLANG_WARN_QUOTED_INCLUDE_IN_FRAMEWORK_HEADER = YES;
				CLANG_WARN_RANGE_LOOP_ANALYSIS = YES;
				CLANG_WARN_STRICT_PROTOTYPES = YES;
				CLANG_WARN_SUSPICIOUS_MOVE = YES;
				CLANG_WARN_UNGUARDED_AVAILABILITY = YES_AGGRESSIVE;
				CLANG_WARN_UNREACHABLE_CODE = YES;
				CLANG_WARN__DUPLICATE_METHOD_MATCH = YES;
				COPY_PHASE_STRIP = NO;
				DEBUG_INFORMATION_FORMAT = "dwarf-with-dsym";
				ENABLE_NS_ASSERTIONS = NO;
				ENABLE_STRICT_OBJC_MSGSEND = YES;
				GCC_C_LANGUAGE_STANDARD = gnu11;
				GCC_NO_COMMON_BLOCKS = YES;
				GCC_WARN_64_TO_32_BIT_CONVERSION = YES;
				GCC_WARN_ABOUT_RETURN_TYPE = YES_ERROR;
				GCC_WARN_UNDECLARED_SELECTOR = YES;
				GCC_WARN_UNINITIALIZED_AUTOS = YES_AGGRESSIVE;
				GCC_WARN_UNUSED_FUNCTION = YES;
				GCC_WARN_UNUSED_VARIABLE = YES;
				IPHONEOS_DEPLOYMENT_TARGET = 15.5;
				MTL_ENABLE_DEBUG_INFO = NO;
				MTL_FAST_MATH = YES;
				SDKROOT = iphoneos;
				SWIFT_COMPILATION_MODE = wholemodule;
				SWIFT_OPTIMIZATION_LEVEL = "-O";
				VALIDATE_PRODUCT = YES;
			};
			name = Release;
		};
		DCDF459328C488D300253B35 /* Debug */ = {
			isa = XCBuildConfiguration;
			baseConfigurationReference = D86831B34BBF0B8A900A4E84 /* Pods-Instagram_clone.debug.xcconfig */;
			buildSettings = {
				ASSETCATALOG_COMPILER_APPICON_NAME = AppIcon;
				ASSETCATALOG_COMPILER_GLOBAL_ACCENT_COLOR_NAME = AccentColor;
				CODE_SIGN_STYLE = Automatic;
				CURRENT_PROJECT_VERSION = 1;
				DEVELOPMENT_TEAM = 87NQ3CPZUA;
				"EXCLUDED_ARCHS[sdk=iphonesimulator*]" = arm64;
				GENERATE_INFOPLIST_FILE = YES;
				INFOPLIST_FILE = Instagram_clone/Info.plist;
				INFOPLIST_KEY_UIApplicationSupportsIndirectInputEvents = YES;
				INFOPLIST_KEY_UILaunchStoryboardName = LaunchScreen;
				INFOPLIST_KEY_UIMainStoryboardFile = Main;
				INFOPLIST_KEY_UISupportedInterfaceOrientations_iPad = "UIInterfaceOrientationPortrait UIInterfaceOrientationPortraitUpsideDown UIInterfaceOrientationLandscapeLeft UIInterfaceOrientationLandscapeRight";
				INFOPLIST_KEY_UISupportedInterfaceOrientations_iPhone = "UIInterfaceOrientationPortrait UIInterfaceOrientationLandscapeLeft UIInterfaceOrientationLandscapeRight";
				LD_RUNPATH_SEARCH_PATHS = (
					"$(inherited)",
					"@executable_path/Frameworks",
				);
				MARKETING_VERSION = 1.0;
				PRODUCT_BUNDLE_IDENTIFIER = "kr.co.test.Instagram-clone";
				PRODUCT_NAME = "$(TARGET_NAME)";
				SWIFT_EMIT_LOC_STRINGS = YES;
				SWIFT_VERSION = 5.0;
				TARGETED_DEVICE_FAMILY = 1;
			};
			name = Debug;
		};
		DCDF459428C488D300253B35 /* Release */ = {
			isa = XCBuildConfiguration;
			baseConfigurationReference = 39453AD0735F115E64FB0480 /* Pods-Instagram_clone.release.xcconfig */;
			buildSettings = {
				ASSETCATALOG_COMPILER_APPICON_NAME = AppIcon;
				ASSETCATALOG_COMPILER_GLOBAL_ACCENT_COLOR_NAME = AccentColor;
				CODE_SIGN_STYLE = Automatic;
				CURRENT_PROJECT_VERSION = 1;
				DEVELOPMENT_TEAM = 87NQ3CPZUA;
				"EXCLUDED_ARCHS[sdk=iphonesimulator*]" = arm64;
				GENERATE_INFOPLIST_FILE = YES;
				INFOPLIST_FILE = Instagram_clone/Info.plist;
				INFOPLIST_KEY_UIApplicationSupportsIndirectInputEvents = YES;
				INFOPLIST_KEY_UILaunchStoryboardName = LaunchScreen;
				INFOPLIST_KEY_UIMainStoryboardFile = Main;
				INFOPLIST_KEY_UISupportedInterfaceOrientations_iPad = "UIInterfaceOrientationPortrait UIInterfaceOrientationPortraitUpsideDown UIInterfaceOrientationLandscapeLeft UIInterfaceOrientationLandscapeRight";
				INFOPLIST_KEY_UISupportedInterfaceOrientations_iPhone = "UIInterfaceOrientationPortrait UIInterfaceOrientationLandscapeLeft UIInterfaceOrientationLandscapeRight";
				LD_RUNPATH_SEARCH_PATHS = (
					"$(inherited)",
					"@executable_path/Frameworks",
				);
				MARKETING_VERSION = 1.0;
				PRODUCT_BUNDLE_IDENTIFIER = "kr.co.test.Instagram-clone";
				PRODUCT_NAME = "$(TARGET_NAME)";
				SWIFT_EMIT_LOC_STRINGS = YES;
				SWIFT_VERSION = 5.0;
				TARGETED_DEVICE_FAMILY = 1;
			};
			name = Release;
		};
		DCDF459628C488D300253B35 /* Debug */ = {
			isa = XCBuildConfiguration;
			buildSettings = {
				ALWAYS_EMBED_SWIFT_STANDARD_LIBRARIES = YES;
				BUNDLE_LOADER = "$(TEST_HOST)";
				CODE_SIGN_STYLE = Automatic;
				CURRENT_PROJECT_VERSION = 1;
				GENERATE_INFOPLIST_FILE = YES;
				IPHONEOS_DEPLOYMENT_TARGET = 15.5;
				MARKETING_VERSION = 1.0;
				PRODUCT_BUNDLE_IDENTIFIER = "kr.co.test.Instagram-cloneTests";
				PRODUCT_NAME = "$(TARGET_NAME)";
				SWIFT_EMIT_LOC_STRINGS = NO;
				SWIFT_VERSION = 5.0;
				TARGETED_DEVICE_FAMILY = "1,2";
				TEST_HOST = "$(BUILT_PRODUCTS_DIR)/Instagram_clone.app/Instagram_clone";
			};
			name = Debug;
		};
		DCDF459728C488D300253B35 /* Release */ = {
			isa = XCBuildConfiguration;
			buildSettings = {
				ALWAYS_EMBED_SWIFT_STANDARD_LIBRARIES = YES;
				BUNDLE_LOADER = "$(TEST_HOST)";
				CODE_SIGN_STYLE = Automatic;
				CURRENT_PROJECT_VERSION = 1;
				GENERATE_INFOPLIST_FILE = YES;
				IPHONEOS_DEPLOYMENT_TARGET = 15.5;
				MARKETING_VERSION = 1.0;
				PRODUCT_BUNDLE_IDENTIFIER = "kr.co.test.Instagram-cloneTests";
				PRODUCT_NAME = "$(TARGET_NAME)";
				SWIFT_EMIT_LOC_STRINGS = NO;
				SWIFT_VERSION = 5.0;
				TARGETED_DEVICE_FAMILY = "1,2";
				TEST_HOST = "$(BUILT_PRODUCTS_DIR)/Instagram_clone.app/Instagram_clone";
			};
			name = Release;
		};
		DCDF459928C488D300253B35 /* Debug */ = {
			isa = XCBuildConfiguration;
			buildSettings = {
				ALWAYS_EMBED_SWIFT_STANDARD_LIBRARIES = YES;
				CODE_SIGN_STYLE = Automatic;
				CURRENT_PROJECT_VERSION = 1;
				GENERATE_INFOPLIST_FILE = YES;
				MARKETING_VERSION = 1.0;
				PRODUCT_BUNDLE_IDENTIFIER = "kr.co.test.Instagram-cloneUITests";
				PRODUCT_NAME = "$(TARGET_NAME)";
				SWIFT_EMIT_LOC_STRINGS = NO;
				SWIFT_VERSION = 5.0;
				TARGETED_DEVICE_FAMILY = "1,2";
				TEST_TARGET_NAME = Instagram_clone;
			};
			name = Debug;
		};
		DCDF459A28C488D300253B35 /* Release */ = {
			isa = XCBuildConfiguration;
			buildSettings = {
				ALWAYS_EMBED_SWIFT_STANDARD_LIBRARIES = YES;
				CODE_SIGN_STYLE = Automatic;
				CURRENT_PROJECT_VERSION = 1;
				GENERATE_INFOPLIST_FILE = YES;
				MARKETING_VERSION = 1.0;
				PRODUCT_BUNDLE_IDENTIFIER = "kr.co.test.Instagram-cloneUITests";
				PRODUCT_NAME = "$(TARGET_NAME)";
				SWIFT_EMIT_LOC_STRINGS = NO;
				SWIFT_VERSION = 5.0;
				TARGETED_DEVICE_FAMILY = "1,2";
				TEST_TARGET_NAME = Instagram_clone;
			};
			name = Release;
		};
/* End XCBuildConfiguration section */

/* Begin XCConfigurationList section */
		DCDF456328C488D300253B35 /* Build configuration list for PBXProject "Instagram_clone" */ = {
			isa = XCConfigurationList;
			buildConfigurations = (
				DCDF459028C488D300253B35 /* Debug */,
				DCDF459128C488D300253B35 /* Release */,
			);
			defaultConfigurationIsVisible = 0;
			defaultConfigurationName = Release;
		};
		DCDF459228C488D300253B35 /* Build configuration list for PBXNativeTarget "Instagram_clone" */ = {
			isa = XCConfigurationList;
			buildConfigurations = (
				DCDF459328C488D300253B35 /* Debug */,
				DCDF459428C488D300253B35 /* Release */,
			);
			defaultConfigurationIsVisible = 0;
			defaultConfigurationName = Release;
		};
		DCDF459528C488D300253B35 /* Build configuration list for PBXNativeTarget "Instagram_cloneTests" */ = {
			isa = XCConfigurationList;
			buildConfigurations = (
				DCDF459628C488D300253B35 /* Debug */,
				DCDF459728C488D300253B35 /* Release */,
			);
			defaultConfigurationIsVisible = 0;
			defaultConfigurationName = Release;
		};
		DCDF459828C488D300253B35 /* Build configuration list for PBXNativeTarget "Instagram_cloneUITests" */ = {
			isa = XCConfigurationList;
			buildConfigurations = (
				DCDF459928C488D300253B35 /* Debug */,
				DCDF459A28C488D300253B35 /* Release */,
			);
			defaultConfigurationIsVisible = 0;
			defaultConfigurationName = Release;
		};
/* End XCConfigurationList section */
	};
	rootObject = DCDF456028C488D300253B35 /* Project object */;
}
